
Microsoft Visual Studio Solution File, Format Version 10.00
# Visual Studio 2008
Project("{8BC9CEB8-8B4A-11D0-8D11-00A0C91BC942}") = "eidlib-2.6", "..\..\beid-2.6\src\eidlib\eidlib_VS2008.vcproj", "{8E69780F-48D9-4CD6-9A51-4BB3C1B084D1}"
EndProject
Project("{8BC9CEB8-8B4A-11D0-8D11-00A0C91BC942}") = "common", "..\common\beid35common_VS2008.vcproj", "{39710980-B40E-4B06-B8E8-D86B125007F3}"
EndProject
Project("{8BC9CEB8-8B4A-11D0-8D11-00A0C91BC942}") = "DlgsWin32", "..\dialogs\dialogsWin32\beid35DlgsWin32_VS2008.vcproj", "{E27CF8F7-E472-4966-B7D6-448B1427A0D6}"
	ProjectSection(ProjectDependencies) = postProject
		{39710980-B40E-4B06-B8E8-D86B125007F3} = {39710980-B40E-4B06-B8E8-D86B125007F3}
	EndProjectSection
EndProject
Project("{8BC9CEB8-8B4A-11D0-8D11-00A0C91BC942}") = "cardlayer", "..\cardlayer\beid35cardlayer_VS2008.vcproj", "{C7DE2B79-F890-4ACB-804A-BDD14E1A9CAE}"
	ProjectSection(ProjectDependencies) = postProject
		{39710980-B40E-4B06-B8E8-D86B125007F3} = {39710980-B40E-4B06-B8E8-D86B125007F3}
		{E27CF8F7-E472-4966-B7D6-448B1427A0D6} = {E27CF8F7-E472-4966-B7D6-448B1427A0D6}
	EndProjectSection
EndProject
Project("{8BC9CEB8-8B4A-11D0-8D11-00A0C91BC942}") = "applayer", "..\applayer\beid35applayer_VS2008.vcproj", "{DC41E34B-8251-41DE-8065-D56B022F5755}"
	ProjectSection(ProjectDependencies) = postProject
		{C7DE2B79-F890-4ACB-804A-BDD14E1A9CAE} = {C7DE2B79-F890-4ACB-804A-BDD14E1A9CAE}
		{39710980-B40E-4B06-B8E8-D86B125007F3} = {39710980-B40E-4B06-B8E8-D86B125007F3}
		{E27CF8F7-E472-4966-B7D6-448B1427A0D6} = {E27CF8F7-E472-4966-B7D6-448B1427A0D6}
	EndProjectSection
EndProject
Project("{8BC9CEB8-8B4A-11D0-8D11-00A0C91BC942}") = "libCpp", "..\eidlib\beid35lib_VS2008.vcproj", "{3A09DD63-945E-40EB-9053-5FE50F74B7C1}"
	ProjectSection(ProjectDependencies) = postProject
		{DC41E34B-8251-41DE-8065-D56B022F5755} = {DC41E34B-8251-41DE-8065-D56B022F5755}
		{39710980-B40E-4B06-B8E8-D86B125007F3} = {39710980-B40E-4B06-B8E8-D86B125007F3}
	EndProjectSection
EndProject
Project("{8BC9CEB8-8B4A-11D0-8D11-00A0C91BC942}") = "gui", "..\eidgui\beid35gui_VS2008.vcproj", "{8D2DFD77-6396-4507-9CBC-97D91C7CFDD5}"
	ProjectSection(ProjectDependencies) = postProject
		{3A09DD63-945E-40EB-9053-5FE50F74B7C1} = {3A09DD63-945E-40EB-9053-5FE50F74B7C1}
	EndProjectSection
EndProject
Project("{FAE04EC0-301F-11D3-BF4B-00C04F79EFBC}") = "libCS_35", "..\eidlibCS\libCS_35.csproj", "{99AB14F6-976E-4FEA-A07D-78479B55163A}"
	ProjectSection(ProjectDependencies) = postProject
		{ECBD0A9D-DED9-452F-B5AF-818C2E1EE32A} = {ECBD0A9D-DED9-452F-B5AF-818C2E1EE32A}
	EndProjectSection
EndProject
Project("{8BC9CEB8-8B4A-11D0-8D11-00A0C91BC942}") = "libCS_Wrapper", "..\eidlibCS_Wrapper\beid35libCS_Wrapper_VS2008.vcproj", "{ECBD0A9D-DED9-452F-B5AF-818C2E1EE32A}"
	ProjectSection(ProjectDependencies) = postProject
		{DC41E34B-8251-41DE-8065-D56B022F5755} = {DC41E34B-8251-41DE-8065-D56B022F5755}
		{39710980-B40E-4B06-B8E8-D86B125007F3} = {39710980-B40E-4B06-B8E8-D86B125007F3}
	EndProjectSection
EndProject
Project("{8BC9CEB8-8B4A-11D0-8D11-00A0C91BC942}") = "libJava", "..\eidlibJava\beid35libJava_VS2008.vcproj", "{F810EA71-3A5A-4C86-BCFF-EC47017CF9CE}"
	ProjectSection(ProjectDependencies) = postProject
		{4066E21F-5A62-4581-A3B3-47A083396D0C} = {4066E21F-5A62-4581-A3B3-47A083396D0C}
	EndProjectSection
EndProject
Project("{8BC9CEB8-8B4A-11D0-8D11-00A0C91BC942}") = "libJava_Wrapper", "..\eidlibJava_Wrapper\beid35libJava_Wrapper_VS2008.vcproj", "{4066E21F-5A62-4581-A3B3-47A083396D0C}"
	ProjectSection(ProjectDependencies) = postProject
		{DC41E34B-8251-41DE-8065-D56B022F5755} = {DC41E34B-8251-41DE-8065-D56B022F5755}
		{39710980-B40E-4B06-B8E8-D86B125007F3} = {39710980-B40E-4B06-B8E8-D86B125007F3}
	EndProjectSection
EndProject
Project("{8BC9CEB8-8B4A-11D0-8D11-00A0C91BC942}") = "libJava_Applet", "..\eidlibJava_Applet\beid35libJava_Applet_VS2008.vcproj", "{B9B1A27C-E4A6-4A5D-914B-CD91FE8C191C}"
	ProjectSection(ProjectDependencies) = postProject
		{F810EA71-3A5A-4C86-BCFF-EC47017CF9CE} = {F810EA71-3A5A-4C86-BCFF-EC47017CF9CE}
	EndProjectSection
EndProject
Project("{8BC9CEB8-8B4A-11D0-8D11-00A0C91BC942}") = "CSP", "..\CSP\beid35CSP_VS2008.vcproj", "{D0076DE3-8E35-4129-A682-2E9F8E72A152}"
	ProjectSection(ProjectDependencies) = postProject
		{C7DE2B79-F890-4ACB-804A-BDD14E1A9CAE} = {C7DE2B79-F890-4ACB-804A-BDD14E1A9CAE}
		{39710980-B40E-4B06-B8E8-D86B125007F3} = {39710980-B40E-4B06-B8E8-D86B125007F3}
		{E27CF8F7-E472-4966-B7D6-448B1427A0D6} = {E27CF8F7-E472-4966-B7D6-448B1427A0D6}
	EndProjectSection
EndProject
Project("{8BC9CEB8-8B4A-11D0-8D11-00A0C91BC942}") = "pkcs11", "..\pkcs11\beid35pkcs11_VS2008.vcproj", "{12F6CD4F-FC01-4E0A-AE06-F7A315094DFE}"
	ProjectSection(ProjectDependencies) = postProject
		{C7DE2B79-F890-4ACB-804A-BDD14E1A9CAE} = {C7DE2B79-F890-4ACB-804A-BDD14E1A9CAE}
		{39710980-B40E-4B06-B8E8-D86B125007F3} = {39710980-B40E-4B06-B8E8-D86B125007F3}
		{E27CF8F7-E472-4966-B7D6-448B1427A0D6} = {E27CF8F7-E472-4966-B7D6-448B1427A0D6}
	EndProjectSection
EndProject
Project("{8BC9CEB8-8B4A-11D0-8D11-00A0C91BC942}") = "cardpluginSIS_ACR38U", "..\cardlayer\cardpluginSIS_ACR38U\cardpluginSIS_ACR38U_VS2008.vcproj", "{6BF2F2B1-5115-4465-B5C5-D8ED1A12A690}"
	ProjectSection(ProjectDependencies) = postProject
		{C7DE2B79-F890-4ACB-804A-BDD14E1A9CAE} = {C7DE2B79-F890-4ACB-804A-BDD14E1A9CAE}
		{39710980-B40E-4B06-B8E8-D86B125007F3} = {39710980-B40E-4B06-B8E8-D86B125007F3}
	EndProjectSection
EndProject
Project("{8BC9CEB8-8B4A-11D0-8D11-00A0C91BC942}") = "beidcleanup", "..\misc\Wix_MW35\beidcleanup\beidcleanup_VS2008.vcproj", "{2B51FB14-B250-47C6-BC93-AA13CF7D4747}"
	ProjectSection(ProjectDependencies) = postProject
		{39710980-B40E-4B06-B8E8-D86B125007F3} = {39710980-B40E-4B06-B8E8-D86B125007F3}
	EndProjectSection
EndProject
Project("{8BC9CEB8-8B4A-11D0-8D11-00A0C91BC942}") = "MarkHidden", "..\misc\Wix_MW35\MarkHidden\MarkHidden_VS2008.vcproj", "{5154523E-FDCF-41E7-8845-A5ACC92672B0}"
EndProject
Project("{930C7802-8A8C-48F9-8165-68863BCCD9DD}") = "BeidMW35_de", "..\misc\Wix_MW35\MW35Wix\BeidMW35_de.wixproj", "{49962208-2A65-41A4-9EC2-ABB95DC041F4}"
	ProjectSection(ProjectDependencies) = postProject
		{7B4D3F36-6FB1-423D-A71F-822AF8DA3036} = {7B4D3F36-6FB1-423D-A71F-822AF8DA3036}
	EndProjectSection
EndProject
Project("{930C7802-8A8C-48F9-8165-68863BCCD9DD}") = "BeidMW35_en", "..\misc\Wix_MW35\MW35Wix\BeidMW35_en.wixproj", "{65FE7CF6-CAF6-4104-8320-58801209E5DA}"
	ProjectSection(ProjectDependencies) = postProject
		{62481BE6-49B5-48EA-A11E-BC77761ED0E2} = {62481BE6-49B5-48EA-A11E-BC77761ED0E2}
		{7B4D3F36-6FB1-423D-A71F-822AF8DA3036} = {7B4D3F36-6FB1-423D-A71F-822AF8DA3036}
		{49962208-2A65-41A4-9EC2-ABB95DC041F4} = {49962208-2A65-41A4-9EC2-ABB95DC041F4}
	EndProjectSection
EndProject
Project("{930C7802-8A8C-48F9-8165-68863BCCD9DD}") = "BeidMW35_fr", "..\misc\Wix_MW35\MW35Wix\BeidMW35_fr.wixproj", "{62481BE6-49B5-48EA-A11E-BC77761ED0E2}"
	ProjectSection(ProjectDependencies) = postProject
		{7B4D3F36-6FB1-423D-A71F-822AF8DA3036} = {7B4D3F36-6FB1-423D-A71F-822AF8DA3036}
	EndProjectSection
EndProject
Project("{930C7802-8A8C-48F9-8165-68863BCCD9DD}") = "BeidMW35_nl", "..\misc\Wix_MW35\MW35Wix\BeidMW35_nl.wixproj", "{7B4D3F36-6FB1-423D-A71F-822AF8DA3036}"
	ProjectSection(ProjectDependencies) = postProject
		{8E69780F-48D9-4CD6-9A51-4BB3C1B084D1} = {8E69780F-48D9-4CD6-9A51-4BB3C1B084D1}
		{2B51FB14-B250-47C6-BC93-AA13CF7D4747} = {2B51FB14-B250-47C6-BC93-AA13CF7D4747}
		{5154523E-FDCF-41E7-8845-A5ACC92672B0} = {5154523E-FDCF-41E7-8845-A5ACC92672B0}
		{B9B1A27C-E4A6-4A5D-914B-CD91FE8C191C} = {B9B1A27C-E4A6-4A5D-914B-CD91FE8C191C}
		{F810EA71-3A5A-4C86-BCFF-EC47017CF9CE} = {F810EA71-3A5A-4C86-BCFF-EC47017CF9CE}
		{99AB14F6-976E-4FEA-A07D-78479B55163A} = {99AB14F6-976E-4FEA-A07D-78479B55163A}
		{8D2DFD77-6396-4507-9CBC-97D91C7CFDD5} = {8D2DFD77-6396-4507-9CBC-97D91C7CFDD5}
	EndProjectSection
EndProject
Project("{8BC9CEB8-8B4A-11D0-8D11-00A0C91BC942}") = "diaglib", "..\..\eID-QuickInstaller\EIKDiag\diaglib\diaglib_VS2008.vcproj", "{5F3DCF78-5A47-4CFD-844D-F3FEFB4E5CAB}"
EndProject
Project("{8BC9CEB8-8B4A-11D0-8D11-00A0C91BC942}") = "QtZipper", "..\..\eID-QuickInstaller\QtZipper\QtZipper_VS2008.vcproj", "{97933455-D2FB-4AEE-B142-CA3915A695C3}"
	ProjectSection(ProjectDependencies) = postProject
		{1EB5A37B-AECC-4568-A10E-764096ADEC8D} = {1EB5A37B-AECC-4568-A10E-764096ADEC8D}
	EndProjectSection
EndProject
Project("{8BC9CEB8-8B4A-11D0-8D11-00A0C91BC942}") = "zrclib", "..\..\eID-QuickInstaller\zrc\zrclib\zrclib_VS2008.vcproj", "{1EB5A37B-AECC-4568-A10E-764096ADEC8D}"
EndProject
Project("{8BC9CEB8-8B4A-11D0-8D11-00A0C91BC942}") = "eID-EZinstaller", "..\..\eID-QuickInstaller\eID-EZinstaller\eID-EZinstaller_VS2008.vcproj", "{BAB79918-56AD-3780-B337-0F4B72B50291}"
	ProjectSection(ProjectDependencies) = postProject
		{97933455-D2FB-4AEE-B142-CA3915A695C3} = {97933455-D2FB-4AEE-B142-CA3915A695C3}
		{5F3DCF78-5A47-4CFD-844D-F3FEFB4E5CAB} = {5F3DCF78-5A47-4CFD-844D-F3FEFB4E5CAB}
		{1EB5A37B-AECC-4568-A10E-764096ADEC8D} = {1EB5A37B-AECC-4568-A10E-764096ADEC8D}
		{65FE7CF6-CAF6-4104-8320-58801209E5DA} = {65FE7CF6-CAF6-4104-8320-58801209E5DA}
	EndProjectSection
EndProject
Global
	GlobalSection(SolutionConfigurationPlatforms) = preSolution
		Debug|Any CPU = Debug|Any CPU
		Debug|Mixed Platforms = Debug|Mixed Platforms
		Debug|Win32 = Debug|Win32
		Debug|x64 = Debug|x64
		Debug|x86 = Debug|x86
		Release|Any CPU = Release|Any CPU
		Release|Mixed Platforms = Release|Mixed Platforms
		Release|Win32 = Release|Win32
		Release|x64 = Release|x64
		Release|x86 = Release|x86
	EndGlobalSection
	GlobalSection(ProjectConfigurationPlatforms) = postSolution
		{8E69780F-48D9-4CD6-9A51-4BB3C1B084D1}.Debug|Any CPU.ActiveCfg = Debug|Win32
		{8E69780F-48D9-4CD6-9A51-4BB3C1B084D1}.Debug|Any CPU.Build.0 = Debug|Win32
		{8E69780F-48D9-4CD6-9A51-4BB3C1B084D1}.Debug|Mixed Platforms.ActiveCfg = Debug|Win32
		{8E69780F-48D9-4CD6-9A51-4BB3C1B084D1}.Debug|Mixed Platforms.Build.0 = Debug|Win32
		{8E69780F-48D9-4CD6-9A51-4BB3C1B084D1}.Debug|Win32.ActiveCfg = Debug|Win32
		{8E69780F-48D9-4CD6-9A51-4BB3C1B084D1}.Debug|Win32.Build.0 = Debug|Win32
		{8E69780F-48D9-4CD6-9A51-4BB3C1B084D1}.Debug|x64.ActiveCfg = Debug|x64
		{8E69780F-48D9-4CD6-9A51-4BB3C1B084D1}.Debug|x86.ActiveCfg = Debug|Win32
		{8E69780F-48D9-4CD6-9A51-4BB3C1B084D1}.Release|Any CPU.ActiveCfg = Release|Win32
		{8E69780F-48D9-4CD6-9A51-4BB3C1B084D1}.Release|Any CPU.Build.0 = Release|Win32
		{8E69780F-48D9-4CD6-9A51-4BB3C1B084D1}.Release|Mixed Platforms.ActiveCfg = Release|Win32
		{8E69780F-48D9-4CD6-9A51-4BB3C1B084D1}.Release|Mixed Platforms.Build.0 = Release|Win32
		{8E69780F-48D9-4CD6-9A51-4BB3C1B084D1}.Release|Win32.ActiveCfg = Release|Win32
		{8E69780F-48D9-4CD6-9A51-4BB3C1B084D1}.Release|x64.ActiveCfg = Release|x64
		{8E69780F-48D9-4CD6-9A51-4BB3C1B084D1}.Release|x86.ActiveCfg = Release|Win32
		{39710980-B40E-4B06-B8E8-D86B125007F3}.Debug|Any CPU.ActiveCfg = Debug|Win32
		{39710980-B40E-4B06-B8E8-D86B125007F3}.Debug|Any CPU.Build.0 = Debug|Win32
		{39710980-B40E-4B06-B8E8-D86B125007F3}.Debug|Mixed Platforms.ActiveCfg = Debug|Win32
		{39710980-B40E-4B06-B8E8-D86B125007F3}.Debug|Mixed Platforms.Build.0 = Debug|Win32
		{39710980-B40E-4B06-B8E8-D86B125007F3}.Debug|Win32.ActiveCfg = Debug|Win32
		{39710980-B40E-4B06-B8E8-D86B125007F3}.Debug|Win32.Build.0 = Debug|Win32
		{39710980-B40E-4B06-B8E8-D86B125007F3}.Debug|x64.ActiveCfg = Debug|x64
		{39710980-B40E-4B06-B8E8-D86B125007F3}.Debug|x64.Build.0 = Debug|x64
		{39710980-B40E-4B06-B8E8-D86B125007F3}.Debug|x86.ActiveCfg = Debug|Win32
		{39710980-B40E-4B06-B8E8-D86B125007F3}.Release|Any CPU.ActiveCfg = Release|Win32
		{39710980-B40E-4B06-B8E8-D86B125007F3}.Release|Any CPU.Build.0 = Release|Win32
		{39710980-B40E-4B06-B8E8-D86B125007F3}.Release|Mixed Platforms.ActiveCfg = Release|Win32
		{39710980-B40E-4B06-B8E8-D86B125007F3}.Release|Mixed Platforms.Build.0 = Release|Win32
		{39710980-B40E-4B06-B8E8-D86B125007F3}.Release|Win32.ActiveCfg = Release|Win32
		{39710980-B40E-4B06-B8E8-D86B125007F3}.Release|Win32.Build.0 = Release|Win32
		{39710980-B40E-4B06-B8E8-D86B125007F3}.Release|x64.ActiveCfg = Release|x64
		{39710980-B40E-4B06-B8E8-D86B125007F3}.Release|x64.Build.0 = Release|x64
		{39710980-B40E-4B06-B8E8-D86B125007F3}.Release|x86.ActiveCfg = Release|Win32
		{E27CF8F7-E472-4966-B7D6-448B1427A0D6}.Debug|Any CPU.ActiveCfg = Debug|Win32
		{E27CF8F7-E472-4966-B7D6-448B1427A0D6}.Debug|Any CPU.Build.0 = Debug|Win32
		{E27CF8F7-E472-4966-B7D6-448B1427A0D6}.Debug|Mixed Platforms.ActiveCfg = Debug|Win32
		{E27CF8F7-E472-4966-B7D6-448B1427A0D6}.Debug|Mixed Platforms.Build.0 = Debug|Win32
		{E27CF8F7-E472-4966-B7D6-448B1427A0D6}.Debug|Win32.ActiveCfg = Debug|Win32
		{E27CF8F7-E472-4966-B7D6-448B1427A0D6}.Debug|Win32.Build.0 = Debug|Win32
		{E27CF8F7-E472-4966-B7D6-448B1427A0D6}.Debug|x64.ActiveCfg = Debug|x64
		{E27CF8F7-E472-4966-B7D6-448B1427A0D6}.Debug|x64.Build.0 = Debug|x64
		{E27CF8F7-E472-4966-B7D6-448B1427A0D6}.Debug|x86.ActiveCfg = Debug|Win32
		{E27CF8F7-E472-4966-B7D6-448B1427A0D6}.Release|Any CPU.ActiveCfg = Release|Win32
		{E27CF8F7-E472-4966-B7D6-448B1427A0D6}.Release|Any CPU.Build.0 = Release|Win32
		{E27CF8F7-E472-4966-B7D6-448B1427A0D6}.Release|Mixed Platforms.ActiveCfg = Release|Win32
		{E27CF8F7-E472-4966-B7D6-448B1427A0D6}.Release|Mixed Platforms.Build.0 = Release|Win32
		{E27CF8F7-E472-4966-B7D6-448B1427A0D6}.Release|Win32.ActiveCfg = Release|Win32
		{E27CF8F7-E472-4966-B7D6-448B1427A0D6}.Release|Win32.Build.0 = Release|Win32
		{E27CF8F7-E472-4966-B7D6-448B1427A0D6}.Release|x64.ActiveCfg = Release|x64
		{E27CF8F7-E472-4966-B7D6-448B1427A0D6}.Release|x64.Build.0 = Release|x64
		{E27CF8F7-E472-4966-B7D6-448B1427A0D6}.Release|x86.ActiveCfg = Release|Win32
		{C7DE2B79-F890-4ACB-804A-BDD14E1A9CAE}.Debug|Any CPU.ActiveCfg = Debug|Win32
		{C7DE2B79-F890-4ACB-804A-BDD14E1A9CAE}.Debug|Any CPU.Build.0 = Debug|Win32
		{C7DE2B79-F890-4ACB-804A-BDD14E1A9CAE}.Debug|Mixed Platforms.ActiveCfg = Debug|Win32
		{C7DE2B79-F890-4ACB-804A-BDD14E1A9CAE}.Debug|Mixed Platforms.Build.0 = Debug|Win32
		{C7DE2B79-F890-4ACB-804A-BDD14E1A9CAE}.Debug|Win32.ActiveCfg = Debug|Win32
		{C7DE2B79-F890-4ACB-804A-BDD14E1A9CAE}.Debug|Win32.Build.0 = Debug|Win32
		{C7DE2B79-F890-4ACB-804A-BDD14E1A9CAE}.Debug|x64.ActiveCfg = Debug|x64
		{C7DE2B79-F890-4ACB-804A-BDD14E1A9CAE}.Debug|x64.Build.0 = Debug|x64
		{C7DE2B79-F890-4ACB-804A-BDD14E1A9CAE}.Debug|x86.ActiveCfg = Debug|Win32
		{C7DE2B79-F890-4ACB-804A-BDD14E1A9CAE}.Release|Any CPU.ActiveCfg = Release|Win32
		{C7DE2B79-F890-4ACB-804A-BDD14E1A9CAE}.Release|Any CPU.Build.0 = Release|Win32
		{C7DE2B79-F890-4ACB-804A-BDD14E1A9CAE}.Release|Mixed Platforms.ActiveCfg = Release|Win32
		{C7DE2B79-F890-4ACB-804A-BDD14E1A9CAE}.Release|Mixed Platforms.Build.0 = Release|Win32
		{C7DE2B79-F890-4ACB-804A-BDD14E1A9CAE}.Release|Win32.ActiveCfg = Release|Win32
		{C7DE2B79-F890-4ACB-804A-BDD14E1A9CAE}.Release|Win32.Build.0 = Release|Win32
		{C7DE2B79-F890-4ACB-804A-BDD14E1A9CAE}.Release|x64.ActiveCfg = Release|x64
		{C7DE2B79-F890-4ACB-804A-BDD14E1A9CAE}.Release|x64.Build.0 = Release|x64
		{C7DE2B79-F890-4ACB-804A-BDD14E1A9CAE}.Release|x86.ActiveCfg = Release|Win32
		{DC41E34B-8251-41DE-8065-D56B022F5755}.Debug|Any CPU.ActiveCfg = Debug|Win32
		{DC41E34B-8251-41DE-8065-D56B022F5755}.Debug|Any CPU.Build.0 = Debug|Win32
		{DC41E34B-8251-41DE-8065-D56B022F5755}.Debug|Mixed Platforms.ActiveCfg = Debug|Win32
		{DC41E34B-8251-41DE-8065-D56B022F5755}.Debug|Mixed Platforms.Build.0 = Debug|Win32
		{DC41E34B-8251-41DE-8065-D56B022F5755}.Debug|Win32.ActiveCfg = Debug|Win32
		{DC41E34B-8251-41DE-8065-D56B022F5755}.Debug|Win32.Build.0 = Debug|Win32
		{DC41E34B-8251-41DE-8065-D56B022F5755}.Debug|x64.ActiveCfg = Debug|x64
		{DC41E34B-8251-41DE-8065-D56B022F5755}.Debug|x64.Build.0 = Debug|x64
		{DC41E34B-8251-41DE-8065-D56B022F5755}.Debug|x86.ActiveCfg = Debug|Win32
		{DC41E34B-8251-41DE-8065-D56B022F5755}.Release|Any CPU.ActiveCfg = Release|Win32
		{DC41E34B-8251-41DE-8065-D56B022F5755}.Release|Any CPU.Build.0 = Release|Win32
		{DC41E34B-8251-41DE-8065-D56B022F5755}.Release|Mixed Platforms.ActiveCfg = Release|Win32
		{DC41E34B-8251-41DE-8065-D56B022F5755}.Release|Mixed Platforms.Build.0 = Release|Win32
		{DC41E34B-8251-41DE-8065-D56B022F5755}.Release|Win32.ActiveCfg = Release|Win32
		{DC41E34B-8251-41DE-8065-D56B022F5755}.Release|Win32.Build.0 = Release|Win32
		{DC41E34B-8251-41DE-8065-D56B022F5755}.Release|x64.ActiveCfg = Release|x64
		{DC41E34B-8251-41DE-8065-D56B022F5755}.Release|x64.Build.0 = Release|x64
		{DC41E34B-8251-41DE-8065-D56B022F5755}.Release|x86.ActiveCfg = Release|Win32
		{3A09DD63-945E-40EB-9053-5FE50F74B7C1}.Debug|Any CPU.ActiveCfg = Debug|Win32
		{3A09DD63-945E-40EB-9053-5FE50F74B7C1}.Debug|Any CPU.Build.0 = Debug|Win32
		{3A09DD63-945E-40EB-9053-5FE50F74B7C1}.Debug|Mixed Platforms.ActiveCfg = Debug|Win32
		{3A09DD63-945E-40EB-9053-5FE50F74B7C1}.Debug|Mixed Platforms.Build.0 = Debug|Win32
		{3A09DD63-945E-40EB-9053-5FE50F74B7C1}.Debug|Win32.ActiveCfg = Debug|Win32
		{3A09DD63-945E-40EB-9053-5FE50F74B7C1}.Debug|Win32.Build.0 = Debug|Win32
		{3A09DD63-945E-40EB-9053-5FE50F74B7C1}.Debug|x64.ActiveCfg = Debug|x64
		{3A09DD63-945E-40EB-9053-5FE50F74B7C1}.Debug|x64.Build.0 = Debug|x64
		{3A09DD63-945E-40EB-9053-5FE50F74B7C1}.Debug|x86.ActiveCfg = Debug|Win32
		{3A09DD63-945E-40EB-9053-5FE50F74B7C1}.Release|Any CPU.ActiveCfg = Release|Win32
		{3A09DD63-945E-40EB-9053-5FE50F74B7C1}.Release|Any CPU.Build.0 = Release|Win32
		{3A09DD63-945E-40EB-9053-5FE50F74B7C1}.Release|Mixed Platforms.ActiveCfg = Release|Win32
		{3A09DD63-945E-40EB-9053-5FE50F74B7C1}.Release|Mixed Platforms.Build.0 = Release|Win32
		{3A09DD63-945E-40EB-9053-5FE50F74B7C1}.Release|Win32.ActiveCfg = Release|Win32
		{3A09DD63-945E-40EB-9053-5FE50F74B7C1}.Release|Win32.Build.0 = Release|Win32
		{3A09DD63-945E-40EB-9053-5FE50F74B7C1}.Release|x64.ActiveCfg = Release|x64
		{3A09DD63-945E-40EB-9053-5FE50F74B7C1}.Release|x64.Build.0 = Release|x64
		{3A09DD63-945E-40EB-9053-5FE50F74B7C1}.Release|x86.ActiveCfg = Release|Win32
		{8D2DFD77-6396-4507-9CBC-97D91C7CFDD5}.Debug|Any CPU.ActiveCfg = Debug|Win32
		{8D2DFD77-6396-4507-9CBC-97D91C7CFDD5}.Debug|Any CPU.Build.0 = Debug|Win32
		{8D2DFD77-6396-4507-9CBC-97D91C7CFDD5}.Debug|Mixed Platforms.ActiveCfg = Debug|Win32
		{8D2DFD77-6396-4507-9CBC-97D91C7CFDD5}.Debug|Mixed Platforms.Build.0 = Debug|Win32
		{8D2DFD77-6396-4507-9CBC-97D91C7CFDD5}.Debug|Win32.ActiveCfg = Debug|Win32
		{8D2DFD77-6396-4507-9CBC-97D91C7CFDD5}.Debug|Win32.Build.0 = Debug|Win32
		{8D2DFD77-6396-4507-9CBC-97D91C7CFDD5}.Debug|x64.ActiveCfg = Debug|x64
		{8D2DFD77-6396-4507-9CBC-97D91C7CFDD5}.Debug|x64.Build.0 = Debug|x64
		{8D2DFD77-6396-4507-9CBC-97D91C7CFDD5}.Debug|x86.ActiveCfg = Debug|Win32
		{8D2DFD77-6396-4507-9CBC-97D91C7CFDD5}.Release|Any CPU.ActiveCfg = Release|Win32
		{8D2DFD77-6396-4507-9CBC-97D91C7CFDD5}.Release|Any CPU.Build.0 = Release|Win32
		{8D2DFD77-6396-4507-9CBC-97D91C7CFDD5}.Release|Mixed Platforms.ActiveCfg = Release|Win32
		{8D2DFD77-6396-4507-9CBC-97D91C7CFDD5}.Release|Mixed Platforms.Build.0 = Release|Win32
		{8D2DFD77-6396-4507-9CBC-97D91C7CFDD5}.Release|Win32.ActiveCfg = Release|Win32
		{8D2DFD77-6396-4507-9CBC-97D91C7CFDD5}.Release|Win32.Build.0 = Release|Win32
		{8D2DFD77-6396-4507-9CBC-97D91C7CFDD5}.Release|x64.ActiveCfg = Release|x64
		{8D2DFD77-6396-4507-9CBC-97D91C7CFDD5}.Release|x64.Build.0 = Release|x64
		{8D2DFD77-6396-4507-9CBC-97D91C7CFDD5}.Release|x86.ActiveCfg = Release|Win32
		{99AB14F6-976E-4FEA-A07D-78479B55163A}.Debug|Any CPU.ActiveCfg = Debug|Any CPU
		{99AB14F6-976E-4FEA-A07D-78479B55163A}.Debug|Any CPU.Build.0 = Debug|Any CPU
		{99AB14F6-976E-4FEA-A07D-78479B55163A}.Debug|Mixed Platforms.ActiveCfg = Debug|Any CPU
		{99AB14F6-976E-4FEA-A07D-78479B55163A}.Debug|Mixed Platforms.Build.0 = Debug|Any CPU
		{99AB14F6-976E-4FEA-A07D-78479B55163A}.Debug|Win32.ActiveCfg = Debug|Any CPU
		{99AB14F6-976E-4FEA-A07D-78479B55163A}.Debug|Win32.Build.0 = Debug|Any CPU
		{99AB14F6-976E-4FEA-A07D-78479B55163A}.Debug|x64.ActiveCfg = Debug|Any CPU
		{99AB14F6-976E-4FEA-A07D-78479B55163A}.Debug|x86.ActiveCfg = Debug|Any CPU
		{99AB14F6-976E-4FEA-A07D-78479B55163A}.Release|Any CPU.ActiveCfg = Release|Any CPU
		{99AB14F6-976E-4FEA-A07D-78479B55163A}.Release|Any CPU.Build.0 = Release|Any CPU
		{99AB14F6-976E-4FEA-A07D-78479B55163A}.Release|Mixed Platforms.ActiveCfg = Release|Any CPU
		{99AB14F6-976E-4FEA-A07D-78479B55163A}.Release|Mixed Platforms.Build.0 = Release|Any CPU
		{99AB14F6-976E-4FEA-A07D-78479B55163A}.Release|Win32.ActiveCfg = Release|Any CPU
		{99AB14F6-976E-4FEA-A07D-78479B55163A}.Release|Win32.Build.0 = Release|Any CPU
		{99AB14F6-976E-4FEA-A07D-78479B55163A}.Release|x64.ActiveCfg = Release|Any CPU
		{99AB14F6-976E-4FEA-A07D-78479B55163A}.Release|x86.ActiveCfg = Release|Any CPU
		{ECBD0A9D-DED9-452F-B5AF-818C2E1EE32A}.Debug|Any CPU.ActiveCfg = Debug|Win32
		{ECBD0A9D-DED9-452F-B5AF-818C2E1EE32A}.Debug|Any CPU.Build.0 = Debug|Win32
		{ECBD0A9D-DED9-452F-B5AF-818C2E1EE32A}.Debug|Mixed Platforms.ActiveCfg = Debug|Win32
		{ECBD0A9D-DED9-452F-B5AF-818C2E1EE32A}.Debug|Mixed Platforms.Build.0 = Debug|Win32
		{ECBD0A9D-DED9-452F-B5AF-818C2E1EE32A}.Debug|Win32.ActiveCfg = Debug|Win32
		{ECBD0A9D-DED9-452F-B5AF-818C2E1EE32A}.Debug|Win32.Build.0 = Debug|Win32
		{ECBD0A9D-DED9-452F-B5AF-818C2E1EE32A}.Debug|x64.ActiveCfg = Debug|x64
		{ECBD0A9D-DED9-452F-B5AF-818C2E1EE32A}.Debug|x64.Build.0 = Debug|x64
		{ECBD0A9D-DED9-452F-B5AF-818C2E1EE32A}.Debug|x86.ActiveCfg = Debug|Win32
		{ECBD0A9D-DED9-452F-B5AF-818C2E1EE32A}.Release|Any CPU.ActiveCfg = Release|Win32
		{ECBD0A9D-DED9-452F-B5AF-818C2E1EE32A}.Release|Any CPU.Build.0 = Release|Win32
		{ECBD0A9D-DED9-452F-B5AF-818C2E1EE32A}.Release|Mixed Platforms.ActiveCfg = Release|Win32
		{ECBD0A9D-DED9-452F-B5AF-818C2E1EE32A}.Release|Mixed Platforms.Build.0 = Release|Win32
		{ECBD0A9D-DED9-452F-B5AF-818C2E1EE32A}.Release|Win32.ActiveCfg = Release|Win32
		{ECBD0A9D-DED9-452F-B5AF-818C2E1EE32A}.Release|Win32.Build.0 = Release|Win32
		{ECBD0A9D-DED9-452F-B5AF-818C2E1EE32A}.Release|x64.ActiveCfg = Release|x64
		{ECBD0A9D-DED9-452F-B5AF-818C2E1EE32A}.Release|x64.Build.0 = Release|x64
		{ECBD0A9D-DED9-452F-B5AF-818C2E1EE32A}.Release|x86.ActiveCfg = Release|Win32
		{F810EA71-3A5A-4C86-BCFF-EC47017CF9CE}.Debug|Any CPU.ActiveCfg = Debug|Win32
		{F810EA71-3A5A-4C86-BCFF-EC47017CF9CE}.Debug|Any CPU.Build.0 = Debug|Win32
		{F810EA71-3A5A-4C86-BCFF-EC47017CF9CE}.Debug|Mixed Platforms.ActiveCfg = Debug|Win32
		{F810EA71-3A5A-4C86-BCFF-EC47017CF9CE}.Debug|Mixed Platforms.Build.0 = Debug|Win32
		{F810EA71-3A5A-4C86-BCFF-EC47017CF9CE}.Debug|Win32.ActiveCfg = Debug|Win32
		{F810EA71-3A5A-4C86-BCFF-EC47017CF9CE}.Debug|Win32.Build.0 = Debug|Win32
		{F810EA71-3A5A-4C86-BCFF-EC47017CF9CE}.Debug|x64.ActiveCfg = Debug|x64
		{F810EA71-3A5A-4C86-BCFF-EC47017CF9CE}.Debug|x64.Build.0 = Debug|x64
		{F810EA71-3A5A-4C86-BCFF-EC47017CF9CE}.Debug|x86.ActiveCfg = Debug|Win32
		{F810EA71-3A5A-4C86-BCFF-EC47017CF9CE}.Release|Any CPU.ActiveCfg = Release|Win32
		{F810EA71-3A5A-4C86-BCFF-EC47017CF9CE}.Release|Any CPU.Build.0 = Release|Win32
		{F810EA71-3A5A-4C86-BCFF-EC47017CF9CE}.Release|Mixed Platforms.ActiveCfg = Release|Win32
		{F810EA71-3A5A-4C86-BCFF-EC47017CF9CE}.Release|Mixed Platforms.Build.0 = Release|Win32
		{F810EA71-3A5A-4C86-BCFF-EC47017CF9CE}.Release|Win32.ActiveCfg = Release|Win32
		{F810EA71-3A5A-4C86-BCFF-EC47017CF9CE}.Release|Win32.Build.0 = Release|Win32
		{F810EA71-3A5A-4C86-BCFF-EC47017CF9CE}.Release|x64.ActiveCfg = Release|x64
		{F810EA71-3A5A-4C86-BCFF-EC47017CF9CE}.Release|x64.Build.0 = Release|x64
		{F810EA71-3A5A-4C86-BCFF-EC47017CF9CE}.Release|x86.ActiveCfg = Release|Win32
		{4066E21F-5A62-4581-A3B3-47A083396D0C}.Debug|Any CPU.ActiveCfg = Debug|Win32
		{4066E21F-5A62-4581-A3B3-47A083396D0C}.Debug|Any CPU.Build.0 = Debug|Win32
		{4066E21F-5A62-4581-A3B3-47A083396D0C}.Debug|Mixed Platforms.ActiveCfg = Debug|Win32
		{4066E21F-5A62-4581-A3B3-47A083396D0C}.Debug|Mixed Platforms.Build.0 = Debug|Win32
		{4066E21F-5A62-4581-A3B3-47A083396D0C}.Debug|Win32.ActiveCfg = Debug|Win32
		{4066E21F-5A62-4581-A3B3-47A083396D0C}.Debug|Win32.Build.0 = Debug|Win32
		{4066E21F-5A62-4581-A3B3-47A083396D0C}.Debug|x64.ActiveCfg = Debug|x64
		{4066E21F-5A62-4581-A3B3-47A083396D0C}.Debug|x64.Build.0 = Debug|x64
		{4066E21F-5A62-4581-A3B3-47A083396D0C}.Debug|x86.ActiveCfg = Debug|Win32
		{4066E21F-5A62-4581-A3B3-47A083396D0C}.Release|Any CPU.ActiveCfg = Release|Win32
		{4066E21F-5A62-4581-A3B3-47A083396D0C}.Release|Any CPU.Build.0 = Release|Win32
		{4066E21F-5A62-4581-A3B3-47A083396D0C}.Release|Mixed Platforms.ActiveCfg = Release|Win32
		{4066E21F-5A62-4581-A3B3-47A083396D0C}.Release|Mixed Platforms.Build.0 = Release|Win32
		{4066E21F-5A62-4581-A3B3-47A083396D0C}.Release|Win32.ActiveCfg = Release|Win32
		{4066E21F-5A62-4581-A3B3-47A083396D0C}.Release|Win32.Build.0 = Release|Win32
		{4066E21F-5A62-4581-A3B3-47A083396D0C}.Release|x64.ActiveCfg = Release|x64
		{4066E21F-5A62-4581-A3B3-47A083396D0C}.Release|x64.Build.0 = Release|x64
		{4066E21F-5A62-4581-A3B3-47A083396D0C}.Release|x86.ActiveCfg = Release|Win32
		{B9B1A27C-E4A6-4A5D-914B-CD91FE8C191C}.Debug|Any CPU.ActiveCfg = Debug|Win32
		{B9B1A27C-E4A6-4A5D-914B-CD91FE8C191C}.Debug|Any CPU.Build.0 = Debug|Win32
		{B9B1A27C-E4A6-4A5D-914B-CD91FE8C191C}.Debug|Mixed Platforms.ActiveCfg = Debug|Win32
		{B9B1A27C-E4A6-4A5D-914B-CD91FE8C191C}.Debug|Mixed Platforms.Build.0 = Debug|Win32
		{B9B1A27C-E4A6-4A5D-914B-CD91FE8C191C}.Debug|Win32.ActiveCfg = Debug|Win32
		{B9B1A27C-E4A6-4A5D-914B-CD91FE8C191C}.Debug|Win32.Build.0 = Debug|Win32
		{B9B1A27C-E4A6-4A5D-914B-CD91FE8C191C}.Debug|x64.ActiveCfg = Debug|x64
		{B9B1A27C-E4A6-4A5D-914B-CD91FE8C191C}.Debug|x64.Build.0 = Debug|x64
		{B9B1A27C-E4A6-4A5D-914B-CD91FE8C191C}.Debug|x86.ActiveCfg = Debug|Win32
		{B9B1A27C-E4A6-4A5D-914B-CD91FE8C191C}.Release|Any CPU.ActiveCfg = Release|Win32
		{B9B1A27C-E4A6-4A5D-914B-CD91FE8C191C}.Release|Any CPU.Build.0 = Release|Win32
		{B9B1A27C-E4A6-4A5D-914B-CD91FE8C191C}.Release|Mixed Platforms.ActiveCfg = Release|Win32
		{B9B1A27C-E4A6-4A5D-914B-CD91FE8C191C}.Release|Mixed Platforms.Build.0 = Release|Win32
		{B9B1A27C-E4A6-4A5D-914B-CD91FE8C191C}.Release|Win32.ActiveCfg = Release|Win32
		{B9B1A27C-E4A6-4A5D-914B-CD91FE8C191C}.Release|Win32.Build.0 = Release|Win32
		{B9B1A27C-E4A6-4A5D-914B-CD91FE8C191C}.Release|x64.ActiveCfg = Release|x64
		{B9B1A27C-E4A6-4A5D-914B-CD91FE8C191C}.Release|x64.Build.0 = Release|x64
		{B9B1A27C-E4A6-4A5D-914B-CD91FE8C191C}.Release|x86.ActiveCfg = Release|Win32
		{D0076DE3-8E35-4129-A682-2E9F8E72A152}.Debug|Any CPU.ActiveCfg = Debug|Win32
		{D0076DE3-8E35-4129-A682-2E9F8E72A152}.Debug|Any CPU.Build.0 = Debug|Win32
		{D0076DE3-8E35-4129-A682-2E9F8E72A152}.Debug|Mixed Platforms.ActiveCfg = Debug|Win32
		{D0076DE3-8E35-4129-A682-2E9F8E72A152}.Debug|Mixed Platforms.Build.0 = Debug|Win32
		{D0076DE3-8E35-4129-A682-2E9F8E72A152}.Debug|Win32.ActiveCfg = Debug|Win32
		{D0076DE3-8E35-4129-A682-2E9F8E72A152}.Debug|Win32.Build.0 = Debug|Win32
		{D0076DE3-8E35-4129-A682-2E9F8E72A152}.Debug|x64.ActiveCfg = Debug|x64
		{D0076DE3-8E35-4129-A682-2E9F8E72A152}.Debug|x64.Build.0 = Debug|x64
		{D0076DE3-8E35-4129-A682-2E9F8E72A152}.Debug|x86.ActiveCfg = Debug|Win32
		{D0076DE3-8E35-4129-A682-2E9F8E72A152}.Release|Any CPU.ActiveCfg = Release|Win32
		{D0076DE3-8E35-4129-A682-2E9F8E72A152}.Release|Any CPU.Build.0 = Release|Win32
		{D0076DE3-8E35-4129-A682-2E9F8E72A152}.Release|Mixed Platforms.ActiveCfg = Release|Win32
		{D0076DE3-8E35-4129-A682-2E9F8E72A152}.Release|Mixed Platforms.Build.0 = Release|Win32
		{D0076DE3-8E35-4129-A682-2E9F8E72A152}.Release|Win32.ActiveCfg = Release|Win32
		{D0076DE3-8E35-4129-A682-2E9F8E72A152}.Release|Win32.Build.0 = Release|Win32
		{D0076DE3-8E35-4129-A682-2E9F8E72A152}.Release|x64.ActiveCfg = Release|x64
		{D0076DE3-8E35-4129-A682-2E9F8E72A152}.Release|x64.Build.0 = Release|x64
		{D0076DE3-8E35-4129-A682-2E9F8E72A152}.Release|x86.ActiveCfg = Release|Win32
		{12F6CD4F-FC01-4E0A-AE06-F7A315094DFE}.Debug|Any CPU.ActiveCfg = Debug|Win32
		{12F6CD4F-FC01-4E0A-AE06-F7A315094DFE}.Debug|Any CPU.Build.0 = Debug|Win32
		{12F6CD4F-FC01-4E0A-AE06-F7A315094DFE}.Debug|Mixed Platforms.ActiveCfg = Debug|Win32
		{12F6CD4F-FC01-4E0A-AE06-F7A315094DFE}.Debug|Mixed Platforms.Build.0 = Debug|Win32
		{12F6CD4F-FC01-4E0A-AE06-F7A315094DFE}.Debug|Win32.ActiveCfg = Debug|Win32
		{12F6CD4F-FC01-4E0A-AE06-F7A315094DFE}.Debug|Win32.Build.0 = Debug|Win32
		{12F6CD4F-FC01-4E0A-AE06-F7A315094DFE}.Debug|x64.ActiveCfg = Debug|x64
		{12F6CD4F-FC01-4E0A-AE06-F7A315094DFE}.Debug|x64.Build.0 = Debug|x64
		{12F6CD4F-FC01-4E0A-AE06-F7A315094DFE}.Debug|x86.ActiveCfg = Debug|Win32
		{12F6CD4F-FC01-4E0A-AE06-F7A315094DFE}.Release|Any CPU.ActiveCfg = Release|Win32
		{12F6CD4F-FC01-4E0A-AE06-F7A315094DFE}.Release|Any CPU.Build.0 = Release|Win32
		{12F6CD4F-FC01-4E0A-AE06-F7A315094DFE}.Release|Mixed Platforms.ActiveCfg = Release|Win32
		{12F6CD4F-FC01-4E0A-AE06-F7A315094DFE}.Release|Mixed Platforms.Build.0 = Release|Win32
		{12F6CD4F-FC01-4E0A-AE06-F7A315094DFE}.Release|Win32.ActiveCfg = Release|Win32
		{12F6CD4F-FC01-4E0A-AE06-F7A315094DFE}.Release|Win32.Build.0 = Release|Win32
		{12F6CD4F-FC01-4E0A-AE06-F7A315094DFE}.Release|x64.ActiveCfg = Release|x64
		{12F6CD4F-FC01-4E0A-AE06-F7A315094DFE}.Release|x64.Build.0 = Release|x64
		{12F6CD4F-FC01-4E0A-AE06-F7A315094DFE}.Release|x86.ActiveCfg = Release|Win32
		{6BF2F2B1-5115-4465-B5C5-D8ED1A12A690}.Debug|Any CPU.ActiveCfg = Debug|Win32
		{6BF2F2B1-5115-4465-B5C5-D8ED1A12A690}.Debug|Any CPU.Build.0 = Debug|Win32
		{6BF2F2B1-5115-4465-B5C5-D8ED1A12A690}.Debug|Mixed Platforms.ActiveCfg = Debug|Win32
		{6BF2F2B1-5115-4465-B5C5-D8ED1A12A690}.Debug|Mixed Platforms.Build.0 = Debug|Win32
		{6BF2F2B1-5115-4465-B5C5-D8ED1A12A690}.Debug|Win32.ActiveCfg = Debug|Win32
		{6BF2F2B1-5115-4465-B5C5-D8ED1A12A690}.Debug|Win32.Build.0 = Debug|Win32
		{6BF2F2B1-5115-4465-B5C5-D8ED1A12A690}.Debug|x64.ActiveCfg = Debug|x64
		{6BF2F2B1-5115-4465-B5C5-D8ED1A12A690}.Debug|x64.Build.0 = Debug|x64
		{6BF2F2B1-5115-4465-B5C5-D8ED1A12A690}.Debug|x86.ActiveCfg = Debug|Win32
		{6BF2F2B1-5115-4465-B5C5-D8ED1A12A690}.Release|Any CPU.ActiveCfg = Release|Win32
		{6BF2F2B1-5115-4465-B5C5-D8ED1A12A690}.Release|Any CPU.Build.0 = Release|Win32
		{6BF2F2B1-5115-4465-B5C5-D8ED1A12A690}.Release|Mixed Platforms.ActiveCfg = Release|Win32
		{6BF2F2B1-5115-4465-B5C5-D8ED1A12A690}.Release|Mixed Platforms.Build.0 = Release|Win32
		{6BF2F2B1-5115-4465-B5C5-D8ED1A12A690}.Release|Win32.ActiveCfg = Release|Win32
		{6BF2F2B1-5115-4465-B5C5-D8ED1A12A690}.Release|Win32.Build.0 = Release|Win32
		{6BF2F2B1-5115-4465-B5C5-D8ED1A12A690}.Release|x64.ActiveCfg = Release|x64
		{6BF2F2B1-5115-4465-B5C5-D8ED1A12A690}.Release|x64.Build.0 = Release|x64
		{6BF2F2B1-5115-4465-B5C5-D8ED1A12A690}.Release|x86.ActiveCfg = Release|Win32
		{2B51FB14-B250-47C6-BC93-AA13CF7D4747}.Debug|Any CPU.ActiveCfg = Debug|Win32
		{2B51FB14-B250-47C6-BC93-AA13CF7D4747}.Debug|Any CPU.Build.0 = Debug|Win32
		{2B51FB14-B250-47C6-BC93-AA13CF7D4747}.Debug|Mixed Platforms.ActiveCfg = Debug|Win32
		{2B51FB14-B250-47C6-BC93-AA13CF7D4747}.Debug|Mixed Platforms.Build.0 = Debug|Win32
		{2B51FB14-B250-47C6-BC93-AA13CF7D4747}.Debug|Win32.ActiveCfg = Debug|Win32
		{2B51FB14-B250-47C6-BC93-AA13CF7D4747}.Debug|Win32.Build.0 = Debug|Win32
		{2B51FB14-B250-47C6-BC93-AA13CF7D4747}.Debug|x64.ActiveCfg = Debug|x64
		{2B51FB14-B250-47C6-BC93-AA13CF7D4747}.Debug|x64.Build.0 = Debug|x64
		{2B51FB14-B250-47C6-BC93-AA13CF7D4747}.Debug|x86.ActiveCfg = Debug|Win32
		{2B51FB14-B250-47C6-BC93-AA13CF7D4747}.Release|Any CPU.ActiveCfg = Release|Win32
		{2B51FB14-B250-47C6-BC93-AA13CF7D4747}.Release|Any CPU.Build.0 = Release|Win32
		{2B51FB14-B250-47C6-BC93-AA13CF7D4747}.Release|Mixed Platforms.ActiveCfg = Release|Win32
		{2B51FB14-B250-47C6-BC93-AA13CF7D4747}.Release|Mixed Platforms.Build.0 = Release|Win32
		{2B51FB14-B250-47C6-BC93-AA13CF7D4747}.Release|Win32.ActiveCfg = Release|Win32
		{2B51FB14-B250-47C6-BC93-AA13CF7D4747}.Release|Win32.Build.0 = Release|Win32
		{2B51FB14-B250-47C6-BC93-AA13CF7D4747}.Release|x64.ActiveCfg = Release|x64
		{2B51FB14-B250-47C6-BC93-AA13CF7D4747}.Release|x64.Build.0 = Release|x64
		{2B51FB14-B250-47C6-BC93-AA13CF7D4747}.Release|x86.ActiveCfg = Release|Win32
		{5154523E-FDCF-41E7-8845-A5ACC92672B0}.Debug|Any CPU.ActiveCfg = Debug|Win32
		{5154523E-FDCF-41E7-8845-A5ACC92672B0}.Debug|Any CPU.Build.0 = Debug|Win32
		{5154523E-FDCF-41E7-8845-A5ACC92672B0}.Debug|Mixed Platforms.ActiveCfg = Debug|Win32
		{5154523E-FDCF-41E7-8845-A5ACC92672B0}.Debug|Mixed Platforms.Build.0 = Debug|Win32
		{5154523E-FDCF-41E7-8845-A5ACC92672B0}.Debug|Win32.ActiveCfg = Debug|Win32
		{5154523E-FDCF-41E7-8845-A5ACC92672B0}.Debug|Win32.Build.0 = Debug|Win32
		{5154523E-FDCF-41E7-8845-A5ACC92672B0}.Debug|x64.ActiveCfg = Debug|x64
		{5154523E-FDCF-41E7-8845-A5ACC92672B0}.Debug|x64.Build.0 = Debug|x64
		{5154523E-FDCF-41E7-8845-A5ACC92672B0}.Debug|x86.ActiveCfg = Debug|Win32
		{5154523E-FDCF-41E7-8845-A5ACC92672B0}.Release|Any CPU.ActiveCfg = Release|Win32
		{5154523E-FDCF-41E7-8845-A5ACC92672B0}.Release|Any CPU.Build.0 = Release|Win32
		{5154523E-FDCF-41E7-8845-A5ACC92672B0}.Release|Mixed Platforms.ActiveCfg = Release|Win32
		{5154523E-FDCF-41E7-8845-A5ACC92672B0}.Release|Mixed Platforms.Build.0 = Release|Win32
		{5154523E-FDCF-41E7-8845-A5ACC92672B0}.Release|Win32.ActiveCfg = Release|Win32
		{5154523E-FDCF-41E7-8845-A5ACC92672B0}.Release|Win32.Build.0 = Release|Win32
		{5154523E-FDCF-41E7-8845-A5ACC92672B0}.Release|x64.ActiveCfg = Release|x64
		{5154523E-FDCF-41E7-8845-A5ACC92672B0}.Release|x64.Build.0 = Release|x64
		{5154523E-FDCF-41E7-8845-A5ACC92672B0}.Release|x86.ActiveCfg = Release|Win32
		{49962208-2A65-41A4-9EC2-ABB95DC041F4}.Debug|Any CPU.ActiveCfg = Debug|x86
		{49962208-2A65-41A4-9EC2-ABB95DC041F4}.Debug|Any CPU.Build.0 = Debug|x86
		{49962208-2A65-41A4-9EC2-ABB95DC041F4}.Debug|Mixed Platforms.ActiveCfg = Debug|x86
		{49962208-2A65-41A4-9EC2-ABB95DC041F4}.Debug|Mixed Platforms.Build.0 = Debug|x86
		{49962208-2A65-41A4-9EC2-ABB95DC041F4}.Debug|Win32.ActiveCfg = Debug|x86
		{49962208-2A65-41A4-9EC2-ABB95DC041F4}.Debug|Win32.Build.0 = Debug|x86
		{49962208-2A65-41A4-9EC2-ABB95DC041F4}.Debug|x64.ActiveCfg = Debug|x86
		{49962208-2A65-41A4-9EC2-ABB95DC041F4}.Debug|x86.ActiveCfg = Debug|x86
		{49962208-2A65-41A4-9EC2-ABB95DC041F4}.Debug|x86.Build.0 = Debug|x86
		{49962208-2A65-41A4-9EC2-ABB95DC041F4}.Release|Any CPU.ActiveCfg = Release|x86
		{49962208-2A65-41A4-9EC2-ABB95DC041F4}.Release|Any CPU.Build.0 = Release|x86
		{49962208-2A65-41A4-9EC2-ABB95DC041F4}.Release|Mixed Platforms.ActiveCfg = Release|x86
		{49962208-2A65-41A4-9EC2-ABB95DC041F4}.Release|Mixed Platforms.Build.0 = Release|x86
		{49962208-2A65-41A4-9EC2-ABB95DC041F4}.Release|Win32.ActiveCfg = Release|x86
		{49962208-2A65-41A4-9EC2-ABB95DC041F4}.Release|Win32.Build.0 = Release|x86
		{49962208-2A65-41A4-9EC2-ABB95DC041F4}.Release|x64.ActiveCfg = Release|x86
		{49962208-2A65-41A4-9EC2-ABB95DC041F4}.Release|x64.Build.0 = Release|x86
		{49962208-2A65-41A4-9EC2-ABB95DC041F4}.Release|x86.ActiveCfg = Release|x86
		{49962208-2A65-41A4-9EC2-ABB95DC041F4}.Release|x86.Build.0 = Release|x86
		{65FE7CF6-CAF6-4104-8320-58801209E5DA}.Debug|Any CPU.ActiveCfg = Debug|x86
		{65FE7CF6-CAF6-4104-8320-58801209E5DA}.Debug|Any CPU.Build.0 = Debug|x86
		{65FE7CF6-CAF6-4104-8320-58801209E5DA}.Debug|Mixed Platforms.ActiveCfg = Debug|x86
		{65FE7CF6-CAF6-4104-8320-58801209E5DA}.Debug|Mixed Platforms.Build.0 = Debug|x86
		{65FE7CF6-CAF6-4104-8320-58801209E5DA}.Debug|Win32.ActiveCfg = Debug|x86
		{65FE7CF6-CAF6-4104-8320-58801209E5DA}.Debug|Win32.Build.0 = Debug|x86
		{65FE7CF6-CAF6-4104-8320-58801209E5DA}.Debug|x64.ActiveCfg = Debug|x86
		{65FE7CF6-CAF6-4104-8320-58801209E5DA}.Debug|x86.ActiveCfg = Debug|x86
		{65FE7CF6-CAF6-4104-8320-58801209E5DA}.Debug|x86.Build.0 = Debug|x86
		{65FE7CF6-CAF6-4104-8320-58801209E5DA}.Release|Any CPU.ActiveCfg = Release|x86
		{65FE7CF6-CAF6-4104-8320-58801209E5DA}.Release|Any CPU.Build.0 = Release|x86
		{65FE7CF6-CAF6-4104-8320-58801209E5DA}.Release|Mixed Platforms.ActiveCfg = Release|x86
		{65FE7CF6-CAF6-4104-8320-58801209E5DA}.Release|Mixed Platforms.Build.0 = Release|x86
		{65FE7CF6-CAF6-4104-8320-58801209E5DA}.Release|Win32.ActiveCfg = Release|x86
		{65FE7CF6-CAF6-4104-8320-58801209E5DA}.Release|Win32.Build.0 = Release|x86
		{65FE7CF6-CAF6-4104-8320-58801209E5DA}.Release|x64.ActiveCfg = Release|x86
		{65FE7CF6-CAF6-4104-8320-58801209E5DA}.Release|x64.Build.0 = Release|x86
		{65FE7CF6-CAF6-4104-8320-58801209E5DA}.Release|x86.ActiveCfg = Release|x86
		{65FE7CF6-CAF6-4104-8320-58801209E5DA}.Release|x86.Build.0 = Release|x86
		{62481BE6-49B5-48EA-A11E-BC77761ED0E2}.Debug|Any CPU.ActiveCfg = Debug|x86
		{62481BE6-49B5-48EA-A11E-BC77761ED0E2}.Debug|Any CPU.Build.0 = Debug|x86
		{62481BE6-49B5-48EA-A11E-BC77761ED0E2}.Debug|Mixed Platforms.ActiveCfg = Debug|x86
		{62481BE6-49B5-48EA-A11E-BC77761ED0E2}.Debug|Mixed Platforms.Build.0 = Debug|x86
		{62481BE6-49B5-48EA-A11E-BC77761ED0E2}.Debug|Win32.ActiveCfg = Debug|x86
		{62481BE6-49B5-48EA-A11E-BC77761ED0E2}.Debug|Win32.Build.0 = Debug|x86
		{62481BE6-49B5-48EA-A11E-BC77761ED0E2}.Debug|x64.ActiveCfg = Debug|x86
		{62481BE6-49B5-48EA-A11E-BC77761ED0E2}.Debug|x86.ActiveCfg = Debug|x86
		{62481BE6-49B5-48EA-A11E-BC77761ED0E2}.Debug|x86.Build.0 = Debug|x86
		{62481BE6-49B5-48EA-A11E-BC77761ED0E2}.Release|Any CPU.ActiveCfg = Release|x86
		{62481BE6-49B5-48EA-A11E-BC77761ED0E2}.Release|Any CPU.Build.0 = Release|x86
		{62481BE6-49B5-48EA-A11E-BC77761ED0E2}.Release|Mixed Platforms.ActiveCfg = Release|x86
		{62481BE6-49B5-48EA-A11E-BC77761ED0E2}.Release|Mixed Platforms.Build.0 = Release|x86
		{62481BE6-49B5-48EA-A11E-BC77761ED0E2}.Release|Win32.ActiveCfg = Release|x86
		{62481BE6-49B5-48EA-A11E-BC77761ED0E2}.Release|Win32.Build.0 = Release|x86
		{62481BE6-49B5-48EA-A11E-BC77761ED0E2}.Release|x64.ActiveCfg = Release|x86
		{62481BE6-49B5-48EA-A11E-BC77761ED0E2}.Release|x64.Build.0 = Release|x86
		{62481BE6-49B5-48EA-A11E-BC77761ED0E2}.Release|x86.ActiveCfg = Release|x86
		{62481BE6-49B5-48EA-A11E-BC77761ED0E2}.Release|x86.Build.0 = Release|x86
		{7B4D3F36-6FB1-423D-A71F-822AF8DA3036}.Debug|Any CPU.ActiveCfg = Debug|x86
		{7B4D3F36-6FB1-423D-A71F-822AF8DA3036}.Debug|Any CPU.Build.0 = Debug|x86
		{7B4D3F36-6FB1-423D-A71F-822AF8DA3036}.Debug|Mixed Platforms.ActiveCfg = Debug|x86
		{7B4D3F36-6FB1-423D-A71F-822AF8DA3036}.Debug|Mixed Platforms.Build.0 = Debug|x86
		{7B4D3F36-6FB1-423D-A71F-822AF8DA3036}.Debug|Win32.ActiveCfg = Debug|x86
		{7B4D3F36-6FB1-423D-A71F-822AF8DA3036}.Debug|Win32.Build.0 = Debug|x86
		{7B4D3F36-6FB1-423D-A71F-822AF8DA3036}.Debug|x64.ActiveCfg = Debug|x86
		{7B4D3F36-6FB1-423D-A71F-822AF8DA3036}.Debug|x86.ActiveCfg = Debug|x86
		{7B4D3F36-6FB1-423D-A71F-822AF8DA3036}.Debug|x86.Build.0 = Debug|x86
		{7B4D3F36-6FB1-423D-A71F-822AF8DA3036}.Release|Any CPU.ActiveCfg = Release|x86
		{7B4D3F36-6FB1-423D-A71F-822AF8DA3036}.Release|Any CPU.Build.0 = Release|x86
		{7B4D3F36-6FB1-423D-A71F-822AF8DA3036}.Release|Mixed Platforms.ActiveCfg = Release|x86
		{7B4D3F36-6FB1-423D-A71F-822AF8DA3036}.Release|Mixed Platforms.Build.0 = Release|x86
		{7B4D3F36-6FB1-423D-A71F-822AF8DA3036}.Release|Win32.ActiveCfg = Release|x86
		{7B4D3F36-6FB1-423D-A71F-822AF8DA3036}.Release|Win32.Build.0 = Release|x86
		{7B4D3F36-6FB1-423D-A71F-822AF8DA3036}.Release|x64.ActiveCfg = Release|x86
		{7B4D3F36-6FB1-423D-A71F-822AF8DA3036}.Release|x64.Build.0 = Release|x86
		{7B4D3F36-6FB1-423D-A71F-822AF8DA3036}.Release|x86.ActiveCfg = Release|x86
		{7B4D3F36-6FB1-423D-A71F-822AF8DA3036}.Release|x86.Build.0 = Release|x86
		{5F3DCF78-5A47-4CFD-844D-F3FEFB4E5CAB}.Debug|Any CPU.ActiveCfg = Debug|Win32
		{5F3DCF78-5A47-4CFD-844D-F3FEFB4E5CAB}.Debug|Any CPU.Build.0 = Debug|Win32
		{5F3DCF78-5A47-4CFD-844D-F3FEFB4E5CAB}.Debug|Mixed Platforms.ActiveCfg = Debug|Win32
		{5F3DCF78-5A47-4CFD-844D-F3FEFB4E5CAB}.Debug|Mixed Platforms.Build.0 = Debug|Win32
		{5F3DCF78-5A47-4CFD-844D-F3FEFB4E5CAB}.Debug|Win32.ActiveCfg = Debug|Win32
		{5F3DCF78-5A47-4CFD-844D-F3FEFB4E5CAB}.Debug|Win32.Build.0 = Debug|Win32
		{5F3DCF78-5A47-4CFD-844D-F3FEFB4E5CAB}.Debug|x64.ActiveCfg = Debug|x64
		{5F3DCF78-5A47-4CFD-844D-F3FEFB4E5CAB}.Debug|x64.Build.0 = Debug|x64
		{5F3DCF78-5A47-4CFD-844D-F3FEFB4E5CAB}.Debug|x86.ActiveCfg = Debug|Win32
		{5F3DCF78-5A47-4CFD-844D-F3FEFB4E5CAB}.Release|Any CPU.ActiveCfg = Release|Win32
		{5F3DCF78-5A47-4CFD-844D-F3FEFB4E5CAB}.Release|Any CPU.Build.0 = Release|Win32
		{5F3DCF78-5A47-4CFD-844D-F3FEFB4E5CAB}.Release|Mixed Platforms.ActiveCfg = Release|Win32
		{5F3DCF78-5A47-4CFD-844D-F3FEFB4E5CAB}.Release|Mixed Platforms.Build.0 = Release|Win32
		{5F3DCF78-5A47-4CFD-844D-F3FEFB4E5CAB}.Release|Win32.ActiveCfg = Release|Win32
		{5F3DCF78-5A47-4CFD-844D-F3FEFB4E5CAB}.Release|Win32.Build.0 = Release|Win32
		{5F3DCF78-5A47-4CFD-844D-F3FEFB4E5CAB}.Release|x64.ActiveCfg = Release|x64
		{5F3DCF78-5A47-4CFD-844D-F3FEFB4E5CAB}.Release|x64.Build.0 = Release|x64
		{5F3DCF78-5A47-4CFD-844D-F3FEFB4E5CAB}.Release|x86.ActiveCfg = Release|Win32
		{97933455-D2FB-4AEE-B142-CA3915A695C3}.Debug|Any CPU.ActiveCfg = Debug|Win32
		{97933455-D2FB-4AEE-B142-CA3915A695C3}.Debug|Any CPU.Build.0 = Debug|Win32
		{97933455-D2FB-4AEE-B142-CA3915A695C3}.Debug|Mixed Platforms.ActiveCfg = Debug|Win32
		{97933455-D2FB-4AEE-B142-CA3915A695C3}.Debug|Mixed Platforms.Build.0 = Debug|Win32
		{97933455-D2FB-4AEE-B142-CA3915A695C3}.Debug|Win32.ActiveCfg = Debug|Win32
		{97933455-D2FB-4AEE-B142-CA3915A695C3}.Debug|Win32.Build.0 = Debug|Win32
		{97933455-D2FB-4AEE-B142-CA3915A695C3}.Debug|x64.ActiveCfg = Debug|x64
		{97933455-D2FB-4AEE-B142-CA3915A695C3}.Debug|x64.Build.0 = Debug|x64
		{97933455-D2FB-4AEE-B142-CA3915A695C3}.Debug|x86.ActiveCfg = Debug|Win32
		{97933455-D2FB-4AEE-B142-CA3915A695C3}.Release|Any CPU.ActiveCfg = Release|Win32
		{97933455-D2FB-4AEE-B142-CA3915A695C3}.Release|Any CPU.Build.0 = Release|Win32
		{97933455-D2FB-4AEE-B142-CA3915A695C3}.Release|Mixed Platforms.ActiveCfg = Release|Win32
		{97933455-D2FB-4AEE-B142-CA3915A695C3}.Release|Mixed Platforms.Build.0 = Release|Win32
		{97933455-D2FB-4AEE-B142-CA3915A695C3}.Release|Win32.ActiveCfg = Release|Win32
		{97933455-D2FB-4AEE-B142-CA3915A695C3}.Release|Win32.Build.0 = Release|Win32
		{97933455-D2FB-4AEE-B142-CA3915A695C3}.Release|x64.ActiveCfg = Release|x64
		{97933455-D2FB-4AEE-B142-CA3915A695C3}.Release|x64.Build.0 = Release|x64
		{97933455-D2FB-4AEE-B142-CA3915A695C3}.Release|x86.ActiveCfg = Release|Win32
		{1EB5A37B-AECC-4568-A10E-764096ADEC8D}.Debug|Any CPU.ActiveCfg = Debug|Win32
		{1EB5A37B-AECC-4568-A10E-764096ADEC8D}.Debug|Any CPU.Build.0 = Debug|Win32
		{1EB5A37B-AECC-4568-A10E-764096ADEC8D}.Debug|Mixed Platforms.ActiveCfg = Debug|Win32
		{1EB5A37B-AECC-4568-A10E-764096ADEC8D}.Debug|Mixed Platforms.Build.0 = Debug|Win32
		{1EB5A37B-AECC-4568-A10E-764096ADEC8D}.Debug|Win32.ActiveCfg = Debug|Win32
		{1EB5A37B-AECC-4568-A10E-764096ADEC8D}.Debug|Win32.Build.0 = Debug|Win32
		{1EB5A37B-AECC-4568-A10E-764096ADEC8D}.Debug|x64.ActiveCfg = Debug|x64
		{1EB5A37B-AECC-4568-A10E-764096ADEC8D}.Debug|x64.Build.0 = Debug|x64
		{1EB5A37B-AECC-4568-A10E-764096ADEC8D}.Debug|x86.ActiveCfg = Debug|Win32
		{1EB5A37B-AECC-4568-A10E-764096ADEC8D}.Release|Any CPU.ActiveCfg = Release|Win32
		{1EB5A37B-AECC-4568-A10E-764096ADEC8D}.Release|Any CPU.Build.0 = Release|Win32
		{1EB5A37B-AECC-4568-A10E-764096ADEC8D}.Release|Mixed Platforms.ActiveCfg = Release|Win32
		{1EB5A37B-AECC-4568-A10E-764096ADEC8D}.Release|Mixed Platforms.Build.0 = Release|Win32
		{1EB5A37B-AECC-4568-A10E-764096ADEC8D}.Release|Win32.ActiveCfg = Release|Win32
		{1EB5A37B-AECC-4568-A10E-764096ADEC8D}.Release|Win32.Build.0 = Release|Win32
		{1EB5A37B-AECC-4568-A10E-764096ADEC8D}.Release|x64.ActiveCfg = Release|x64
		{1EB5A37B-AECC-4568-A10E-764096ADEC8D}.Release|x64.Build.0 = Release|x64
		{1EB5A37B-AECC-4568-A10E-764096ADEC8D}.Release|x86.ActiveCfg = Release|Win32
		{BAB79918-56AD-3780-B337-0F4B72B50291}.Debug|Any CPU.ActiveCfg = Debug|Win32
		{BAB79918-56AD-3780-B337-0F4B72B50291}.Debug|Any CPU.Build.0 = Debug|Win32
		{BAB79918-56AD-3780-B337-0F4B72B50291}.Debug|Mixed Platforms.ActiveCfg = Debug|Win32
		{BAB79918-56AD-3780-B337-0F4B72B50291}.Debug|Mixed Platforms.Build.0 = Debug|Win32
		{BAB79918-56AD-3780-B337-0F4B72B50291}.Debug|Win32.ActiveCfg = Debug|Win32
		{BAB79918-56AD-3780-B337-0F4B72B50291}.Debug|Win32.Build.0 = Debug|Win32
		{BAB79918-56AD-3780-B337-0F4B72B50291}.Debug|x64.ActiveCfg = Debug|x64
		{BAB79918-56AD-3780-B337-0F4B72B50291}.Debug|x64.Build.0 = Debug|x64
		{BAB79918-56AD-3780-B337-0F4B72B50291}.Debug|x86.ActiveCfg = Debug|Win32
		{BAB79918-56AD-3780-B337-0F4B72B50291}.Release|Any CPU.ActiveCfg = Release|Win32
		{BAB79918-56AD-3780-B337-0F4B72B50291}.Release|Any CPU.Build.0 = Release|Win32
		{BAB79918-56AD-3780-B337-0F4B72B50291}.Release|Mixed Platforms.ActiveCfg = Release|Win32
		{BAB79918-56AD-3780-B337-0F4B72B50291}.Release|Mixed Platforms.Build.0 = Release|Win32
		{BAB79918-56AD-3780-B337-0F4B72B50291}.Release|Win32.ActiveCfg = Release|Win32
		{BAB79918-56AD-3780-B337-0F4B72B50291}.Release|Win32.Build.0 = Release|Win32
		{BAB79918-56AD-3780-B337-0F4B72B50291}.Release|x64.ActiveCfg = Release|x64
		{BAB79918-56AD-3780-B337-0F4B72B50291}.Release|x64.Build.0 = Release|x64
		{BAB79918-56AD-3780-B337-0F4B72B50291}.Release|x86.ActiveCfg = Release|Win32
	EndGlobalSection
	GlobalSection(SolutionProperties) = preSolution
		HideSolutionNode = FALSE
	EndGlobalSection
	GlobalSection(Qt) = preSolution
		Integration = True
	EndGlobalSection
	GlobalSection(Qt) = preSolution
		Integration = True
	EndGlobalSection
	GlobalSection(Qt) = preSolution
		Integration = True
	EndGlobalSection
	GlobalSection(Qt) = preSolution
		Integration = True
	EndGlobalSection
	GlobalSection(Qt) = preSolution
		Integration = True
	EndGlobalSection
	GlobalSection(Qt) = preSolution
		Integration = True
	EndGlobalSection
	GlobalSection(Qt) = preSolution
		Integration = True
	EndGlobalSection
	GlobalSection(Qt) = preSolution
		Integration = True
	EndGlobalSection
	GlobalSection(Qt) = preSolution
		Integration = True
	EndGlobalSection
	GlobalSection(Qt) = preSolution
		Integration = True
	EndGlobalSection
	GlobalSection(Qt) = preSolution
		Integration = True
	EndGlobalSection
	GlobalSection(Qt) = preSolution
		Integration = True
	EndGlobalSection
	GlobalSection(Qt) = preSolution
		Integration = True
	EndGlobalSection
	GlobalSection(Qt) = preSolution
		Integration = True
	EndGlobalSection
	GlobalSection(Qt) = preSolution
		Integration = True
	EndGlobalSection
	GlobalSection(Qt) = preSolution
		Integration = True
	EndGlobalSection
	GlobalSection(Qt) = preSolution
		Integration = True
	EndGlobalSection
	GlobalSection(Qt) = preSolution
		Integration = True
	EndGlobalSection
	GlobalSection(Qt) = preSolution
		Integration = True
	EndGlobalSection
	GlobalSection(Qt) = preSolution
		Integration = True
	EndGlobalSection
	GlobalSection(Qt) = preSolution
		Integration = True
	EndGlobalSection
	GlobalSection(Qt) = preSolution
		Integration = True
	EndGlobalSection
	GlobalSection(Qt) = preSolution
		Integration = True
	EndGlobalSection
	GlobalSection(Qt) = preSolution
		Integration = True
	EndGlobalSection
	GlobalSection(Qt) = preSolution
		Integration = True
	EndGlobalSection
	GlobalSection(Qt) = preSolution
		Integration = True
	EndGlobalSection
EndGlobal
