// !$*UTF8*$!
{
	archiveVersion = 1;
	classes = {
	};
	objectVersion = 45;
	objects = {

/* Begin PBXBuildFile section */
		069D05B0128AE5DC7EE31738 /* QtCore.framework in Frameworks & Libraries */ = {isa = PBXBuildFile; fileRef = 7BC2E65A5E699A5E5D834CA2 /* QtCore.framework */; };
		175786230E628972C8D8E8C1 /* myQLabel.cpp in Build Sources */ = {isa = PBXBuildFile; fileRef = B5A5BFBC58E94D8640380BA2 /* myQLabel.cpp */; settings = {ATTRIBUTES = (); }; };
		243255AE50EBC1EDE6F5F843 /* pkcs11objects.cpp in Build Sources */ = {isa = PBXBuildFile; fileRef = 1052D7F004EEED271956695D /* pkcs11objects.cpp */; settings = {ATTRIBUTES = (); }; };
		2B093CA6F071B023A473CED0 /* main.cpp in Build Sources */ = {isa = PBXBuildFile; fileRef = 118FCBAABA162BA17933C789 /* main.cpp */; settings = {ATTRIBUTES = (); }; };
		501667F26B3C1FF6767A7C12 /* QtGui.framework in Frameworks & Libraries */ = {isa = PBXBuildFile; fileRef = 9B36DA7E32F0304E780E7972 /* QtGui.framework */; };
		51D4DBF7CB8537BE86EBD055 /* AppKit.framework in Frameworks & Libraries */ = {isa = PBXBuildFile; fileRef = 821416211D63F190AAAD016A /* AppKit.framework */; };
		7B24E0880E77C3C800E25A64 /* Security.framework in Frameworks & Libraries */ = {isa = PBXBuildFile; fileRef = 7B24E0870E77C3C800E25A64 /* Security.framework */; };
		7B7591C70E927B9600C0B9E8 /* ezResources.qrc in Bundle Resources */ = {isa = PBXBuildFile; fileRef = 7B7591C60E927B9600C0B9E8 /* ezResources.qrc */; };
		7B7592280E92861900C0B9E8 /* moc_confirmdialogbox.cpp in Build Sources */ = {isa = PBXBuildFile; fileRef = 7B7592260E92861900C0B9E8 /* moc_confirmdialogbox.cpp */; };
		7B7592290E92861900C0B9E8 /* moc_ezinstaller.cpp in Build Sources */ = {isa = PBXBuildFile; fileRef = 7B7592270E92861900C0B9E8 /* moc_ezinstaller.cpp */; };
		7B8C5D560E81365600C56DE7 /* IOKit.framework in Frameworks & Libraries */ = {isa = PBXBuildFile; fileRef = 7B8C5D550E81365600C56DE7 /* IOKit.framework */; };
		7BF6BCD30F5C260100A519EB /* sysdiagnost.cpp in Build Sources */ = {isa = PBXBuildFile; fileRef = 7BF6BCD20F5C260100A519EB /* sysdiagnost.cpp */; };
		7BFD76EA0E76C68100BC4F02 /* eID-Quickinstaller.app in Project Copy */ = {isa = PBXBuildFile; fileRef = 7BFD76E70E76C68100BC4F02 /* eID-Quickinstaller.app */; };
		7BFD771C0E76C8E400BC4F02 /* PCSC.framework in Frameworks & Libraries */ = {isa = PBXBuildFile; fileRef = 7BFD771B0E76C8E400BC4F02 /* PCSC.framework */; };
		7F15955D0F9757D6006BBE85 /* QtXml in Bundle Resources */ = {isa = PBXBuildFile; fileRef = 7F82729D0F7D326300562D6B /* QtXml */; };
		7F8272960F7D320800562D6B /* QtGui in Bundle Resources */ = {isa = PBXBuildFile; fileRef = 7F8272950F7D320800562D6B /* QtGui */; };
		7F82729C0F7D323400562D6B /* QtCore in Bundle Resources */ = {isa = PBXBuildFile; fileRef = 7F82729B0F7D323400562D6B /* QtCore */; };
		7F8272A00F7D328800562D6B /* libqjpeg.dylib in Bundle Resources */ = {isa = PBXBuildFile; fileRef = 7F82729F0F7D328800562D6B /* libqjpeg.dylib */; };
		860DA2311238CFD5005BF430 /* accessibleDialogbox.cpp in Build Sources */ = {isa = PBXBuildFile; fileRef = 860DA2301238CFD5005BF430 /* accessibleDialogbox.cpp */; };
		8A902E27A74E84C101386F26 /* confirmdialogbox.cpp in Build Sources */ = {isa = PBXBuildFile; fileRef = 967EC3875E76CF0764A16CBC /* confirmdialogbox.cpp */; settings = {ATTRIBUTES = (); }; };
		9C4EB9463FAB6EA95A648A54 /* ezinstaller.cpp in Build Sources */ = {isa = PBXBuildFile; fileRef = 4F09AA4D05E1208F13828DDC /* ezinstaller.cpp */; settings = {ATTRIBUTES = (); }; };
		C2643FEB592DBFD1429BE4E1 /* QtXml.framework in Frameworks & Libraries */ = {isa = PBXBuildFile; fileRef = 8EE92F8FA333C9E415C5B34E /* QtXml.framework */; };
		C80A6C708DFA891071A42DB8 /* systemClass.cpp in Build Sources */ = {isa = PBXBuildFile; fileRef = 62F00B3DF455FA5DA2C94DF0 /* systemClass.cpp */; settings = {ATTRIBUTES = (); }; };
		C88C266906417B0A54009AB0 /* qrc_ezResources.cpp in Build Sources */ = {isa = PBXBuildFile; fileRef = 8F275E9ED88AF4F4EEA9AAB7 /* qrc_ezResources.cpp */; settings = {ATTRIBUTES = (); }; };
		C8FD4A1AAA37CF2CA2824CCF /* Carbon.framework in Frameworks & Libraries */ = {isa = PBXBuildFile; fileRef = DA138F75C9F545CDAE7FB264 /* Carbon.framework */; };
		D982FA020C06C5723AC372D6 /* diagnoseThread.cpp in Build Sources */ = {isa = PBXBuildFile; fileRef = ED5BEE25B37F2E67889A233C /* diagnoseThread.cpp */; settings = {ATTRIBUTES = (); }; };
		D9C82F075116FA897EE810B6 /* ezWorker.cpp in Build Sources */ = {isa = PBXBuildFile; fileRef = F165FDB690E3A2FA0911E8A5 /* ezWorker.cpp */; settings = {ATTRIBUTES = (); }; };
		F5AEBD600979990F3DBD1D22 /* wildcards.cpp in Build Sources */ = {isa = PBXBuildFile; fileRef = 638FD904DA55A6039A343EC3 /* wildcards.cpp */; settings = {ATTRIBUTES = (); }; };
		F9E76E570E10AF14870553A7 /* ApplicationServices.framework in Frameworks & Libraries */ = {isa = PBXBuildFile; fileRef = 27AE7A480FD6C52FCA80FECD /* ApplicationServices.framework */; };
/* End PBXBuildFile section */

/* Begin PBXCopyFilesBuildPhase section */
		F6069D5A5DA8AA28EDB8B3C6 /* Project Copy */ = {
			isa = PBXCopyFilesBuildPhase;
			buildActionMask = 2147483647;
			dstPath = .;
			dstSubfolderSpec = 0;
			files = (
				7BFD76EA0E76C68100BC4F02 /* eID-Quickinstaller.app in Project Copy */,
			);
			name = "Project Copy";
			runOnlyForDeploymentPostprocessing = 0;
		};
/* End PBXCopyFilesBuildPhase section */

/* Begin PBXFileReference section */
		1052D7F004EEED271956695D /* pkcs11objects.cpp */ = {isa = PBXFileReference; lastKnownFileType = sourcecode.cpp.cpp; path = pkcs11objects.cpp; sourceTree = "<group>"; };
		118FCBAABA162BA17933C789 /* main.cpp */ = {isa = PBXFileReference; lastKnownFileType = sourcecode.cpp.cpp; path = main.cpp; sourceTree = "<group>"; };
		1854511047712737ED0664C4 /* confirmdialogbox.h */ = {isa = PBXFileReference; lastKnownFileType = sourcecode.c.h; path = confirmdialogbox.h; sourceTree = "<group>"; };
		2437B493B6A2D76F83C0EA71 /* autovec.h */ = {isa = PBXFileReference; lastKnownFileType = sourcecode.c.h; path = autovec.h; sourceTree = "<group>"; };
		27935792702B094A10DB2AB1 /* diagnoseThread.h */ = {isa = PBXFileReference; lastKnownFileType = sourcecode.c.h; path = diagnoseThread.h; sourceTree = "<group>"; };
		27AE7A480FD6C52FCA80FECD /* ApplicationServices.framework */ = {isa = PBXFileReference; lastKnownFileType = wrapper.framework; name = ApplicationServices.framework; path = /System/Library/Frameworks/ApplicationServices.framework; sourceTree = "<absolute>"; };
		2E8405B97740E60A1525BE94 /* ui_confirmdialogbox.h */ = {isa = PBXFileReference; lastKnownFileType = sourcecode.c.h; name = ui_confirmdialogbox.h; path = GeneratedFiles/ui_confirmdialogbox.h; sourceTree = "<group>"; };
		32C55A2C6124158285C79F4E /* confirmdialogbox.ui */ = {isa = PBXFileReference; lastKnownFileType = text; path = confirmdialogbox.ui; sourceTree = "<group>"; };
		3B017ABD43C477127C833DBC /* resource.h */ = {isa = PBXFileReference; lastKnownFileType = sourcecode.c.h; path = resource.h; sourceTree = "<group>"; };
		4F09AA4D05E1208F13828DDC /* ezinstaller.cpp */ = {isa = PBXFileReference; lastKnownFileType = sourcecode.cpp.cpp; path = ezinstaller.cpp; sourceTree = "<group>"; };
		523302A0D30AB14A480A4347 /* pkcs11f.h */ = {isa = PBXFileReference; lastKnownFileType = sourcecode.c.h; path = pkcs11f.h; sourceTree = "<group>"; };
		62F00B3DF455FA5DA2C94DF0 /* systemClass.cpp */ = {isa = PBXFileReference; lastKnownFileType = sourcecode.cpp.cpp; path = systemClass.cpp; sourceTree = "<group>"; };
		638FD904DA55A6039A343EC3 /* wildcards.cpp */ = {isa = PBXFileReference; lastKnownFileType = sourcecode.cpp.cpp; path = wildcards.cpp; sourceTree = "<group>"; };
		6A32458D230C086A85D1873D /* cryptoki.h */ = {isa = PBXFileReference; lastKnownFileType = sourcecode.c.h; path = cryptoki.h; sourceTree = "<group>"; };
		70779A256DEF59AE531BFBA6 /* pkcs11.h */ = {isa = PBXFileReference; lastKnownFileType = sourcecode.c.h; path = pkcs11.h; sourceTree = "<group>"; };
		781E7A061E8B1E932AF6A019 /* systemClass.h */ = {isa = PBXFileReference; lastKnownFileType = sourcecode.c.h; path = systemClass.h; sourceTree = "<group>"; };
		78A73BD0112C2B78EEB4C9B7 /* eID-EZinstaller.pro */ = {isa = PBXFileReference; lastKnownFileType = text; path = "eID-EZinstaller.pro"; sourceTree = "<group>"; };
		7B24E0870E77C3C800E25A64 /* Security.framework */ = {isa = PBXFileReference; lastKnownFileType = wrapper.framework; name = Security.framework; path = /System/Library/Frameworks/Security.framework; sourceTree = "<absolute>"; };
		7B7591C60E927B9600C0B9E8 /* ezResources.qrc */ = {isa = PBXFileReference; fileEncoding = 4; lastKnownFileType = text; name = ezResources.qrc; path = MAC/ezResources.qrc; sourceTree = "<group>"; };
		7B7592260E92861900C0B9E8 /* moc_confirmdialogbox.cpp */ = {isa = PBXFileReference; fileEncoding = 4; lastKnownFileType = sourcecode.cpp.cpp; name = moc_confirmdialogbox.cpp; path = GeneratedFiles/moc_confirmdialogbox.cpp; sourceTree = "<group>"; };
		7B7592270E92861900C0B9E8 /* moc_ezinstaller.cpp */ = {isa = PBXFileReference; fileEncoding = 4; lastKnownFileType = sourcecode.cpp.cpp; name = moc_ezinstaller.cpp; path = GeneratedFiles/moc_ezinstaller.cpp; sourceTree = "<group>"; };
		7B8C5D550E81365600C56DE7 /* IOKit.framework */ = {isa = PBXFileReference; lastKnownFileType = wrapper.framework; name = IOKit.framework; path = /System/Library/Frameworks/IOKit.framework; sourceTree = "<absolute>"; };
		7B9AD4890E924ABA00CA09FE /* SysDiagnost.h */ = {isa = PBXFileReference; fileEncoding = 4; lastKnownFileType = sourcecode.c.h; path = SysDiagnost.h; sourceTree = "<group>"; };
		7BC2E65A5E699A5E5D834CA2 /* QtCore.framework */ = {isa = PBXFileReference; lastKnownFileType = wrapper.framework; name = QtCore.framework; path = /Library/Frameworks/QtCore.framework; sourceTree = "<absolute>"; };
		7BF6BCD20F5C260100A519EB /* sysdiagnost.cpp */ = {isa = PBXFileReference; fileEncoding = 4; lastKnownFileType = sourcecode.cpp.cpp; path = sysdiagnost.cpp; sourceTree = "<group>"; };
		7BFD76E70E76C68100BC4F02 /* eID-Quickinstaller.app */ = {isa = PBXFileReference; explicitFileType = wrapper.application; includeInIndex = 0; path = "eID-Quickinstaller.app"; sourceTree = BUILT_PRODUCTS_DIR; };
		7BFD771B0E76C8E400BC4F02 /* PCSC.framework */ = {isa = PBXFileReference; lastKnownFileType = wrapper.framework; name = PCSC.framework; path = /System/Library/Frameworks/PCSC.framework; sourceTree = "<absolute>"; };
		7F8272950F7D320800562D6B /* QtGui */ = {isa = PBXFileReference; lastKnownFileType = "compiled.mach-o.dylib"; name = QtGui; path = /Library/Frameworks/QtGui.framework/Versions/4/QtGui; sourceTree = "<absolute>"; };
		7F82729B0F7D323400562D6B /* QtCore */ = {isa = PBXFileReference; lastKnownFileType = "compiled.mach-o.dylib"; name = QtCore; path = /Library/Frameworks/QtCore.framework/Versions/4/QtCore; sourceTree = "<absolute>"; };
		7F82729D0F7D326300562D6B /* QtXml */ = {isa = PBXFileReference; lastKnownFileType = "compiled.mach-o.dylib"; name = QtXml; path = /Library/Frameworks/QtXml.framework/Versions/4/QtXml; sourceTree = "<absolute>"; };
		7F82729F0F7D328800562D6B /* libqjpeg.dylib */ = {isa = PBXFileReference; lastKnownFileType = "compiled.mach-o.dylib"; name = libqjpeg.dylib; path = Applications/Qt/plugins/imageformats/libqjpeg.dylib; sourceTree = DEVELOPER_DIR; };
		821416211D63F190AAAD016A /* AppKit.framework */ = {isa = PBXFileReference; lastKnownFileType = wrapper.framework; name = AppKit.framework; path = /System/Library/Frameworks/AppKit.framework; sourceTree = "<absolute>"; };
		860DA2301238CFD5005BF430 /* accessibleDialogbox.cpp */ = {isa = PBXFileReference; fileEncoding = 4; lastKnownFileType = sourcecode.cpp.cpp; path = accessibleDialogbox.cpp; sourceTree = "<group>"; };
		860DA2321238CFF5005BF430 /* accessibleDialogbox.h */ = {isa = PBXFileReference; fileEncoding = 4; lastKnownFileType = sourcecode.c.h; path = accessibleDialogbox.h; sourceTree = "<group>"; };
		8EE92F8FA333C9E415C5B34E /* QtXml.framework */ = {isa = PBXFileReference; lastKnownFileType = wrapper.framework; name = QtXml.framework; path = /Library/Frameworks/QtXml.framework; sourceTree = "<absolute>"; };
		8F275E9ED88AF4F4EEA9AAB7 /* qrc_ezResources.cpp */ = {isa = PBXFileReference; lastKnownFileType = sourcecode.cpp.cpp; name = qrc_ezResources.cpp; path = GeneratedFiles/qrc_ezResources.cpp; sourceTree = "<group>"; };
		932DC0543AC706CF4F45F444 /* wildcards.h */ = {isa = PBXFileReference; lastKnownFileType = sourcecode.c.h; path = wildcards.h; sourceTree = "<group>"; };
		967EC3875E76CF0764A16CBC /* confirmdialogbox.cpp */ = {isa = PBXFileReference; lastKnownFileType = sourcecode.cpp.cpp; path = confirmdialogbox.cpp; sourceTree = "<group>"; };
		9716EE39E81E583EA1C31EA0 /* ui_ezinstaller.h */ = {isa = PBXFileReference; lastKnownFileType = sourcecode.c.h; name = ui_ezinstaller.h; path = GeneratedFiles/ui_ezinstaller.h; sourceTree = "<group>"; };
		9B36DA7E32F0304E780E7972 /* QtGui.framework */ = {isa = PBXFileReference; lastKnownFileType = wrapper.framework; name = QtGui.framework; path = /Library/Frameworks/QtGui.framework; sourceTree = "<absolute>"; };
		9B64FD3B5AB7C32555962FAA /* myQLabel.h */ = {isa = PBXFileReference; lastKnownFileType = sourcecode.c.h; path = myQLabel.h; sourceTree = "<group>"; };
		AAB6DA0FBE09B552AD3F90BD /* ezinstaller.h */ = {isa = PBXFileReference; lastKnownFileType = sourcecode.c.h; path = ezinstaller.h; sourceTree = "<group>"; };
		B5A5BFBC58E94D8640380BA2 /* myQLabel.cpp */ = {isa = PBXFileReference; lastKnownFileType = sourcecode.cpp.cpp; path = myQLabel.cpp; sourceTree = "<group>"; };
		CF700D0B0ED312972DDD0322 /* pkcs11t.h */ = {isa = PBXFileReference; lastKnownFileType = sourcecode.c.h; path = pkcs11t.h; sourceTree = "<group>"; };
		DA138F75C9F545CDAE7FB264 /* Carbon.framework */ = {isa = PBXFileReference; lastKnownFileType = wrapper.framework; name = Carbon.framework; path = /System/Library/Frameworks/Carbon.framework; sourceTree = "<absolute>"; };
		E5DB218DC73929203AFFA72B /* ezinstaller.ui */ = {isa = PBXFileReference; lastKnownFileType = text; path = ezinstaller.ui; sourceTree = "<group>"; };
		E9345AA1234C49A91E5C86C7 /* ezWorker.h */ = {isa = PBXFileReference; lastKnownFileType = sourcecode.c.h; path = ezWorker.h; sourceTree = "<group>"; };
		ED5BEE25B37F2E67889A233C /* diagnoseThread.cpp */ = {isa = PBXFileReference; lastKnownFileType = sourcecode.cpp.cpp; path = diagnoseThread.cpp; sourceTree = "<group>"; };
		F165FDB690E3A2FA0911E8A5 /* ezWorker.cpp */ = {isa = PBXFileReference; lastKnownFileType = sourcecode.cpp.cpp; path = ezWorker.cpp; sourceTree = "<group>"; };
		F41E83757018E696B87E9242 /* pkcs11objects.h */ = {isa = PBXFileReference; lastKnownFileType = sourcecode.c.h; path = pkcs11objects.h; sourceTree = "<group>"; };
/* End PBXFileReference section */

/* Begin PBXFrameworksBuildPhase section */
		2A1043669E6E5A7426EA502A /* Frameworks & Libraries */ = {
			isa = PBXFrameworksBuildPhase;
			buildActionMask = 2147483647;
			files = (
				C2643FEB592DBFD1429BE4E1 /* QtXml.framework in Frameworks & Libraries */,
				501667F26B3C1FF6767A7C12 /* QtGui.framework in Frameworks & Libraries */,
				C8FD4A1AAA37CF2CA2824CCF /* Carbon.framework in Frameworks & Libraries */,
				51D4DBF7CB8537BE86EBD055 /* AppKit.framework in Frameworks & Libraries */,
				069D05B0128AE5DC7EE31738 /* QtCore.framework in Frameworks & Libraries */,
				F9E76E570E10AF14870553A7 /* ApplicationServices.framework in Frameworks & Libraries */,
				7BFD771C0E76C8E400BC4F02 /* PCSC.framework in Frameworks & Libraries */,
				7B24E0880E77C3C800E25A64 /* Security.framework in Frameworks & Libraries */,
				7B8C5D560E81365600C56DE7 /* IOKit.framework in Frameworks & Libraries */,
			);
			name = "Frameworks & Libraries";
			runOnlyForDeploymentPostprocessing = 0;
		};
/* End PBXFrameworksBuildPhase section */

/* Begin PBXGroup section */
		05596AB53D8D521C69802C27 /* eID-EZinstaller */ = {
			isa = PBXGroup;
			children = (
				FB61758D0F0FDA4BA867C3D5 /* Sources */,
				46E892BBB6BB6952967E0561 /* Temporary Sources */,
				883D7615C4D2DE3FA1218F12 /* Headers */,
				7CABE3C80E79AD2B307756D2 /* Sources [qmake] */,
				52C235EBF1C9B07808119459 /* Sources [RCC] */,
				EEC299C65D5017EB9DD513B0 /* Sources [UIC] */,
				ED1E82605DD74B483AF3C982 /* External Frameworks and Libraries */,
				7BFD76E80E76C68100BC4F02 /* Products */,
			);
			name = "eID-EZinstaller";
			sourceTree = "<group>";
		};
		3059719BA2C77BB13594EA18 /* GeneratedFiles */ = {
			isa = PBXGroup;
			children = (
				7B7592260E92861900C0B9E8 /* moc_confirmdialogbox.cpp */,
				7B7592270E92861900C0B9E8 /* moc_ezinstaller.cpp */,
				8F275E9ED88AF4F4EEA9AAB7 /* qrc_ezResources.cpp */,
				9716EE39E81E583EA1C31EA0 /* ui_ezinstaller.h */,
				2E8405B97740E60A1525BE94 /* ui_confirmdialogbox.h */,
			);
			name = GeneratedFiles;
			sourceTree = "<group>";
		};
		46E892BBB6BB6952967E0561 /* Temporary Sources */ = {
			isa = PBXGroup;
			children = (
				3059719BA2C77BB13594EA18 /* GeneratedFiles */,
			);
			name = "Temporary Sources";
			sourceTree = "<group>";
		};
		52C235EBF1C9B07808119459 /* Sources [RCC] */ = {
			isa = PBXGroup;
			children = (
				7B7591C60E927B9600C0B9E8 /* ezResources.qrc */,
			);
			name = "Sources [RCC]";
			sourceTree = "<group>";
		};
		7BFD76E80E76C68100BC4F02 /* Products */ = {
			isa = PBXGroup;
			children = (
				7BFD76E70E76C68100BC4F02 /* eID-Quickinstaller.app */,
			);
			name = Products;
			sourceTree = "<group>";
		};
		7CABE3C80E79AD2B307756D2 /* Sources [qmake] */ = {
			isa = PBXGroup;
			children = (
				78A73BD0112C2B78EEB4C9B7 /* eID-EZinstaller.pro */,
			);
			name = "Sources [qmake]";
			sourceTree = "<group>";
		};
		883D7615C4D2DE3FA1218F12 /* Headers */ = {
			isa = PBXGroup;
			children = (
				860DA2321238CFF5005BF430 /* accessibleDialogbox.h */,
				7B9AD4890E924ABA00CA09FE /* SysDiagnost.h */,
				AAB6DA0FBE09B552AD3F90BD /* ezinstaller.h */,
				E9345AA1234C49A91E5C86C7 /* ezWorker.h */,
				3B017ABD43C477127C833DBC /* resource.h */,
				781E7A061E8B1E932AF6A019 /* systemClass.h */,
				27935792702B094A10DB2AB1 /* diagnoseThread.h */,
				9B64FD3B5AB7C32555962FAA /* myQLabel.h */,
				70779A256DEF59AE531BFBA6 /* pkcs11.h */,
				523302A0D30AB14A480A4347 /* pkcs11f.h */,
				6A32458D230C086A85D1873D /* cryptoki.h */,
				F41E83757018E696B87E9242 /* pkcs11objects.h */,
				CF700D0B0ED312972DDD0322 /* pkcs11t.h */,
				932DC0543AC706CF4F45F444 /* wildcards.h */,
				2437B493B6A2D76F83C0EA71 /* autovec.h */,
				1854511047712737ED0664C4 /* confirmdialogbox.h */,
			);
			name = Headers;
			sourceTree = "<group>";
		};
		ED1E82605DD74B483AF3C982 /* External Frameworks and Libraries */ = {
			isa = PBXGroup;
			children = (
				7F82729F0F7D328800562D6B /* libqjpeg.dylib */,
				7F82729D0F7D326300562D6B /* QtXml */,
				7F82729B0F7D323400562D6B /* QtCore */,
				7F8272950F7D320800562D6B /* QtGui */,
				7B8C5D550E81365600C56DE7 /* IOKit.framework */,
				7B24E0870E77C3C800E25A64 /* Security.framework */,
				7BFD771B0E76C8E400BC4F02 /* PCSC.framework */,
				8EE92F8FA333C9E415C5B34E /* QtXml.framework */,
				9B36DA7E32F0304E780E7972 /* QtGui.framework */,
				DA138F75C9F545CDAE7FB264 /* Carbon.framework */,
				821416211D63F190AAAD016A /* AppKit.framework */,
				7BC2E65A5E699A5E5D834CA2 /* QtCore.framework */,
				27AE7A480FD6C52FCA80FECD /* ApplicationServices.framework */,
			);
			name = "External Frameworks and Libraries";
			sourceTree = "<group>";
		};
		EEC299C65D5017EB9DD513B0 /* Sources [UIC] */ = {
			isa = PBXGroup;
			children = (
				E5DB218DC73929203AFFA72B /* ezinstaller.ui */,
				32C55A2C6124158285C79F4E /* confirmdialogbox.ui */,
			);
			name = "Sources [UIC]";
			sourceTree = "<group>";
		};
		FB61758D0F0FDA4BA867C3D5 /* Sources */ = {
			isa = PBXGroup;
			children = (
				860DA2301238CFD5005BF430 /* accessibleDialogbox.cpp */,
				7BF6BCD20F5C260100A519EB /* sysdiagnost.cpp */,
				4F09AA4D05E1208F13828DDC /* ezinstaller.cpp */,
				F165FDB690E3A2FA0911E8A5 /* ezWorker.cpp */,
				118FCBAABA162BA17933C789 /* main.cpp */,
				62F00B3DF455FA5DA2C94DF0 /* systemClass.cpp */,
				967EC3875E76CF0764A16CBC /* confirmdialogbox.cpp */,
				B5A5BFBC58E94D8640380BA2 /* myQLabel.cpp */,
				ED5BEE25B37F2E67889A233C /* diagnoseThread.cpp */,
				1052D7F004EEED271956695D /* pkcs11objects.cpp */,
				638FD904DA55A6039A343EC3 /* wildcards.cpp */,
			);
			name = Sources;
			sourceTree = "<group>";
		};
/* End PBXGroup section */

/* Begin PBXNativeTarget section */
		4DDD49FD5B1AFE8BF58FD1D0 /* eID-Quickinstaller */ = {
			isa = PBXNativeTarget;
			buildConfigurationList = 7BFD76F60E76C6A600BC4F02 /* Build configuration list for PBXNativeTarget "eID-Quickinstaller" */;
			buildPhases = (
				D7BA7D76DAB5DD13389D6332 /* Qt Qmake */,
				A0A52A2ADF7A1E2A99738674 /* Qt Preprocessors */,
				F6069D5A5DA8AA28EDB8B3C6 /* Project Copy */,
				C29B8785722055ED95EF7B57 /* Build Sources */,
				2A1043669E6E5A7426EA502A /* Frameworks & Libraries */,
				3787F99312C85FF0073FD7BA /* Bundle Resources */,
				7F9678390F7D26EF00147E88 /* ShellScript */,
			);
			buildRules = (
			);
			dependencies = (
			);
			name = "eID-Quickinstaller";
			productName = "eID-EZinstaller";
			productReference = 7BFD76E70E76C68100BC4F02 /* eID-Quickinstaller.app */;
			productType = "com.apple.product-type.application";
		};
/* End PBXNativeTarget section */

/* Begin PBXProject section */
		91B15E841AA80083484172DE /* Project object */ = {
			isa = PBXProject;
			buildConfigurationList = 2A951308CDB28F104D0A4BD2 /* Build configuration list for PBXProject "eID-EZinstaller" */;
			compatibilityVersion = "Xcode 3.1";
			hasScannedForEncodings = 1;
			mainGroup = 05596AB53D8D521C69802C27 /* eID-EZinstaller */;
			productRefGroup = 7BFD76E80E76C68100BC4F02 /* Products */;
			projectDirPath = "";
			projectRoot = "";
			targets = (
				4DDD49FD5B1AFE8BF58FD1D0 /* eID-Quickinstaller */,
			);
		};
/* End PBXProject section */

/* Begin PBXResourcesBuildPhase section */
		3787F99312C85FF0073FD7BA /* Bundle Resources */ = {
			isa = PBXResourcesBuildPhase;
			buildActionMask = 2147483647;
			files = (
				7F8272A00F7D328800562D6B /* libqjpeg.dylib in Bundle Resources */,
				7F15955D0F9757D6006BBE85 /* QtXml in Bundle Resources */,
				7F82729C0F7D323400562D6B /* QtCore in Bundle Resources */,
				7F8272960F7D320800562D6B /* QtGui in Bundle Resources */,
				7B7591C70E927B9600C0B9E8 /* ezResources.qrc in Bundle Resources */,
			);
			name = "Bundle Resources";
			runOnlyForDeploymentPostprocessing = 0;
		};
/* End PBXResourcesBuildPhase section */

/* Begin PBXShellScriptBuildPhase section */
		7F9678390F7D26EF00147E88 /* ShellScript */ = {
			isa = PBXShellScriptBuildPhase;
			buildActionMask = 2147483647;
			files = (
			);
			inputPaths = (
			);
			outputPaths = (
			);
			runOnlyForDeploymentPostprocessing = 0;
			shellPath = /bin/sh;
			shellScript = "#Change the path to the linked library to work in standalone\ninstall_name_tool -change QtCore.framework/Versions/4/QtCore @executable_path/../Resources/QtCore \"${BUILT_PRODUCTS_DIR}/${CONTENTS_FOLDER_PATH}/Resources/QtGui\"\ninstall_name_tool -change QtCore.framework/Versions/4/QtCore @executable_path/../Resources/QtCore \"${BUILT_PRODUCTS_DIR}/${CONTENTS_FOLDER_PATH}/Resources/QtXml\"\n\nmkdir -p \"${BUILT_PRODUCTS_DIR}/${CONTENTS_FOLDER_PATH}/Resources/plugins/imageformats\"\nmv \"${BUILT_PRODUCTS_DIR}/${CONTENTS_FOLDER_PATH}/Resources/libqjpeg.dylib\" \"${BUILT_PRODUCTS_DIR}/${CONTENTS_FOLDER_PATH}/Resources/plugins/imageformats/libqjpeg.dylib\"\ninstall_name_tool -change QtCore.framework/Versions/4/QtCore @executable_path/../Resources/QtCore \"${BUILT_PRODUCTS_DIR}/${CONTENTS_FOLDER_PATH}/Resources/plugins/imageformats/libqjpeg.dylib\"\ninstall_name_tool -change QtGui.framework/Versions/4/QtGui @executable_path/../Resources/QtGui \"${BUILT_PRODUCTS_DIR}/${CONTENTS_FOLDER_PATH}/Resources/plugins/imageformats/libqjpeg.dylib\"\n\ninstall_name_tool -change QtCore.framework/Versions/4/QtCore @executable_path/../Resources/QtCore \"${BUILT_PRODUCTS_DIR}/${CONTENTS_FOLDER_PATH}/MacOS/eID-Quickinstaller\"\ninstall_name_tool -change QtGui.framework/Versions/4/QtGui @executable_path/../Resources/QtGui \"${BUILT_PRODUCTS_DIR}/${CONTENTS_FOLDER_PATH}/MacOS/eID-Quickinstaller\"\ninstall_name_tool -change QtXml.framework/Versions/4/QtXml @executable_path/../Resources/QtXml \"${BUILT_PRODUCTS_DIR}/${CONTENTS_FOLDER_PATH}/MacOS/eID-Quickinstaller\"\n\n#export Resources\nif [ -e \"${PROJECT_DIR}/.svn\" ]\nthen\n\tsvn export --force \"${PROJECT_DIR}/MAC/Contents/Resources\" \"${BUILT_PRODUCTS_DIR}/${CONTENTS_FOLDER_PATH}/Resources\"\nelse\n\tcp -R -f \"${PROJECT_DIR}/MAC/Contents/Resources\" \"${BUILT_PRODUCTS_DIR}/${CONTENTS_FOLDER_PATH}\"\nfi\n\ncp -R -f /release_build/beid.pkg \"${BUILT_PRODUCTS_DIR}/${CONTENTS_FOLDER_PATH}/Resources\"\n\ncp -f \"${PROJECT_DIR}/MAC/Contents/Info.plist\" \"${BUILT_PRODUCTS_DIR}/${CONTENTS_FOLDER_PATH}\"\n\nchmod +x \"${BUILT_PRODUCTS_DIR}/${CONTENTS_FOLDER_PATH}/Resources\"/*.sh\n\n### MAKE DMG\n#Get the build version\nbuild=`cat \"${PROJECT_DIR}/../../eidmw/svn_revision\" | tr -d \"\\r\\n\"`\n\n#Detach and delete existing dmg\nif [ -e /Volumes/eID-Quickinstaller ] \nthen \nhdiutil detach /Volumes/eID-Quickinstaller\nfi\n\nif [ -e \"${BUILT_PRODUCTS_DIR}/eID-Quickinstaller-uncompressed.dmg\" ] \nthen \nrm \"${BUILT_PRODUCTS_DIR}/eID-Quickinstaller-uncompressed.dmg\"\nfi\n\nif [ -e \"${BUILT_PRODUCTS_DIR}/eID-Quickinstaller.dmg\" ] \nthen \nrm \"${BUILT_PRODUCTS_DIR}/eID-Quickinstaller.dmg\"\nfi\n\nif [ -e \"${BUILT_PRODUCTS_DIR}/eID-Quickinstaller-$build.dmg\" ] \nthen \nrm \"${BUILT_PRODUCTS_DIR}/eID-Quickinstaller-$build.dmg\"\nfi\n\n#Create an uncompressed image\nhdiutil create -size 120m -type UDIF -fs HFS+ -volname eID-Quickinstaller \"${BUILT_PRODUCTS_DIR}/eID-Quickinstaller-uncompressed.dmg\"\n\n#Open the uncompressed dmg and Copy the bundle into it\nhdiutil attach \"${BUILT_PRODUCTS_DIR}/eID-Quickinstaller-uncompressed.dmg\"\ncp -R -f \"${BUILT_PRODUCTS_DIR}/${FULL_PRODUCT_NAME}\" /Volumes/eID-Quickinstaller/\ncp -f \"${PROJECT_DIR}/MAC/DMG/eID-Quickinstaller-Nl.pdf\" /Volumes/eID-Quickinstaller/\ncp -f \"${PROJECT_DIR}/MAC/DMG/eID-Quickinstaller-Fr.pdf\" /Volumes/eID-Quickinstaller/\ncp -f \"${PROJECT_DIR}/MAC/DMG/DMG_DS_Store\" /Volumes/eID-Quickinstaller/.DS_Store\ncp -f \"${PROJECT_DIR}/MAC/DMG/DmgBackground.jpg\" /Volumes/eID-Quickinstaller/\n/Developer/Tools/SetFile -a V /Volumes/eID-Quickinstaller/DmgBackground.jpg\ncp -f \"${PROJECT_DIR}/MAC/DMG/.VolumeIcon.icns\" /Volumes/eID-Quickinstaller/\n/Developer/Tools/SetFile -a C /Volumes/eID-Quickinstaller/\n\n#Close the uncompress dmg\nhdiutil detach /Volumes/eID-Quickinstaller\n\n\n#Convert to Read-Only/Compressed\nhdiutil convert -format UDCO \"${BUILT_PRODUCTS_DIR}/eID-Quickinstaller-uncompressed.dmg\" -o \"${BUILT_PRODUCTS_DIR}/eID-Quickinstaller.dmg\"\n\n#Insert the resource file\nhdiutil unflatten \"${BUILT_PRODUCTS_DIR}/eID-Quickinstaller.dmg\"\n#The SLAResources file contain resources fork data this is not supported by svn.\n#So the sla.r file is kept in place of SLAResources\n#/Developer/Tools/DeRez \"${PROJECT_DIR}/MAC/DMG/SLAResources\" > \"${PROJECT_DIR}/MAC/DMG/sla.r\"\n/Developer/Tools/Rez -a \"${PROJECT_DIR}/MAC/DMG/sla.r\" -o \"${BUILT_PRODUCTS_DIR}/eID-Quickinstaller.dmg\"\nhdiutil flatten \"${BUILT_PRODUCTS_DIR}/eID-Quickinstaller.dmg\"\n\nmv \"${BUILT_PRODUCTS_DIR}/eID-Quickinstaller.dmg\" \"${BUILT_PRODUCTS_DIR}/eID-Quickinstaller-$build.dmg\"\n";
		};
		A0A52A2ADF7A1E2A99738674 /* Qt Preprocessors */ = {
			isa = PBXShellScriptBuildPhase;
			buildActionMask = 2147483647;
			files = (
			);
			name = "Qt Preprocessors";
			runOnlyForDeploymentPostprocessing = 0;
			shellPath = /bin/sh;
			shellScript = "make -C . -f eID-EZinstaller.xcodeproj/qt_preprocess.mak";
		};
		D7BA7D76DAB5DD13389D6332 /* Qt Qmake */ = {
			isa = PBXShellScriptBuildPhase;
			buildActionMask = 2147483647;
			files = (
			);
			name = "Qt Qmake";
			runOnlyForDeploymentPostprocessing = 0;
			shellPath = /bin/sh;
			shellScript = "make -C . -f eID-EZinstaller.xcodeproj/qt_makeqmake.mak";
		};
/* End PBXShellScriptBuildPhase section */

/* Begin PBXSourcesBuildPhase section */
		C29B8785722055ED95EF7B57 /* Build Sources */ = {
			isa = PBXSourcesBuildPhase;
			buildActionMask = 2147483647;
			files = (
				9C4EB9463FAB6EA95A648A54 /* ezinstaller.cpp in Build Sources */,
				D9C82F075116FA897EE810B6 /* ezWorker.cpp in Build Sources */,
				2B093CA6F071B023A473CED0 /* main.cpp in Build Sources */,
				C80A6C708DFA891071A42DB8 /* systemClass.cpp in Build Sources */,
				8A902E27A74E84C101386F26 /* confirmdialogbox.cpp in Build Sources */,
				175786230E628972C8D8E8C1 /* myQLabel.cpp in Build Sources */,
				D982FA020C06C5723AC372D6 /* diagnoseThread.cpp in Build Sources */,
				243255AE50EBC1EDE6F5F843 /* pkcs11objects.cpp in Build Sources */,
				F5AEBD600979990F3DBD1D22 /* wildcards.cpp in Build Sources */,
				C88C266906417B0A54009AB0 /* qrc_ezResources.cpp in Build Sources */,
				7B7592280E92861900C0B9E8 /* moc_confirmdialogbox.cpp in Build Sources */,
				7B7592290E92861900C0B9E8 /* moc_ezinstaller.cpp in Build Sources */,
				7BF6BCD30F5C260100A519EB /* sysdiagnost.cpp in Build Sources */,
				860DA2311238CFD5005BF430 /* accessibleDialogbox.cpp in Build Sources */,
			);
			name = "Build Sources";
			runOnlyForDeploymentPostprocessing = 0;
		};
/* End PBXSourcesBuildPhase section */

/* Begin XCBuildConfiguration section */
		7BFD76ED0E76C68200BC4F02 /* Debug */ = {
			isa = XCBuildConfiguration;
			buildSettings = {
				ARCHS = "$(ARCHS_STANDARD_32_BIT)";
				BUILD_ROOT = .;
				COPY_PHASE_STRIP = NO;
				DYLIB_COMPATIBILITY_VERSION = 1.0;
				DYLIB_CURRENT_VERSION = 1.0.0;
				GCC_GENERATE_DEBUGGING_SYMBOLS = YES;
				GCC_OPTIMIZATION_LEVEL = 0;
				HEADER_SEARCH_PATHS = (
					/Library/Frameworks/QtCore.framework/Headers,
					/usr/include/QtCore,
					/Library/Frameworks/QtGui.framework/Headers,
					/usr/include/QtGui,
					/Library/Frameworks/QtXml.framework/Headers,
					/usr/include/QtXml,
					/usr/include,
					GeneratedFiles,
					GeneratedFiles/Debug,
					GeneratedFiles/debug,
					GeneratedFiles,
					/usr/local/include,
					/System/Library/Frameworks/CarbonCore.framework/Headers,
					"/usr/local/Qt4.4/mkspecs/macx-xcode",
				);
				INFOPLIST_FILE = MAC/Contents/Info.plist;
				LEXFLAGS = "";
				LIBRARY_SEARCH_PATHS = (
					/Library/Frameworks,
					/System/Library/Frameworks/,
					"$(LIBRARY_SEARCH_PATHS_QUOTED_FOR_TARGET_1)",
					"$(LIBRARY_SEARCH_PATHS_QUOTED_FOR_TARGET_2)",
					"$(LIBRARY_SEARCH_PATHS_QUOTED_FOR_TARGET_3)",
					"$(LIBRARY_SEARCH_PATHS_QUOTED_FOR_TARGET_4)",
				);
				LIBRARY_SEARCH_PATHS_QUOTED_FOR_TARGET_1 = "\"$(LOCAL_LIBRARY_DIR)/Frameworks/QtGui.framework\"";
				LIBRARY_SEARCH_PATHS_QUOTED_FOR_TARGET_2 = "\"$(LOCAL_LIBRARY_DIR)/Frameworks/QtCore.framework\"";
				LIBRARY_SEARCH_PATHS_QUOTED_FOR_TARGET_3 = "\"$(LOCAL_LIBRARY_DIR)/Frameworks/QtXml.framework\"";
				LIBRARY_SEARCH_PATHS_QUOTED_FOR_TARGET_4 = "\"$(DEVELOPER_DIR)/Applications/Qt/plugins/imageformats\"";
				MACOSX_DEPLOYMENT_TARGET = 10.5;
				OBJROOT = obj/debug/;
				OTHER_CFLAGS = (
					"-pipe",
					"-g",
					"-Wall",
					"-W",
					"-DQT_XML_LIB",
					"-DQT_GUI_LIB",
					"-DQT_CORE_LIB",
					"-DQT_SHARED",
				);
				OTHER_CPLUSPLUSFLAGS = (
					"-pipe",
					"-g",
					"-Wall",
					"-W",
					"-DQT_XML_LIB",
					"-DQT_GUI_LIB",
					"-DQT_CORE_LIB",
					"-DQT_SHARED",
				);
				OTHER_LDFLAGS = (
					"-headerpad_max_install_names",
					"-L/Library/Frameworks",
					"-F/Library/Frameworks",
					"-lz",
					"-lm",
				);
				OTHER_REZFLAGS = "";
				PREBINDING = NO;
				PRODUCT_NAME = "eID-QuickInstaller";
				SDKROOT = macosx10.6;
				SECTORDER_FLAGS = "";
				VALID_ARCHS = i386;
				WARNING_CFLAGS = "";
				YACCFLAGS = "-d";
			};
			name = Debug;
		};
		7BFD76EE0E76C68200BC4F02 /* Release */ = {
			isa = XCBuildConfiguration;
			buildSettings = {
				ARCHS = i386;
				BUILD_ROOT = .;
				COPY_PHASE_STRIP = YES;
				DYLIB_COMPATIBILITY_VERSION = 1.0;
				DYLIB_CURRENT_VERSION = 1.0.0;
				GCC_GENERATE_DEBUGGING_SYMBOLS = NO;
				HEADER_SEARCH_PATHS = (
					/Library/Frameworks/QtCore.framework/Headers,
					/usr/include/QtCore,
					/Library/Frameworks/QtGui.framework/Headers,
					/usr/include/QtGui,
					/Library/Frameworks/QtXml.framework/Headers,
					/usr/include/QtXml,
					/usr/include,
					GeneratedFiles,
					GeneratedFiles/Debug,
					GeneratedFiles/debug,
					GeneratedFiles,
					/usr/local/include,
					/System/Library/Frameworks/CarbonCore.framework/Headers,
					"/usr/local/Qt4.4/mkspecs/macx-xcode",
				);
				INFOPLIST_FILE = MAC/Contents/Info.plist;
				LEXFLAGS = "";
				LIBRARY_SEARCH_PATHS = (
					/Library/Frameworks,
					/System/Library/Frameworks/,
					"$(LIBRARY_SEARCH_PATHS_QUOTED_FOR_TARGET_1)",
					"$(LIBRARY_SEARCH_PATHS_QUOTED_FOR_TARGET_2)",
					"$(LIBRARY_SEARCH_PATHS_QUOTED_FOR_TARGET_3)",
					"$(LIBRARY_SEARCH_PATHS_QUOTED_FOR_TARGET_4)",
				);
				LIBRARY_SEARCH_PATHS_QUOTED_FOR_TARGET_1 = "\"$(LOCAL_LIBRARY_DIR)/Frameworks/QtGui.framework/Versions/4\"";
				LIBRARY_SEARCH_PATHS_QUOTED_FOR_TARGET_2 = "\"$(LOCAL_LIBRARY_DIR)/Frameworks/QtCore.framework/Versions/4\"";
				LIBRARY_SEARCH_PATHS_QUOTED_FOR_TARGET_3 = "\"$(LOCAL_LIBRARY_DIR)/Frameworks/QtXml.framework/Versions/4\"";
				LIBRARY_SEARCH_PATHS_QUOTED_FOR_TARGET_4 = "\"$(DEVELOPER_DIR)/Applications/Qt/plugins/imageformats\"";
				MACOSX_DEPLOYMENT_TARGET = 10.5;
				OBJROOT = obj/release/;
				OTHER_CFLAGS = (
					"-pipe",
					"-g",
					"-Wall",
					"-W",
					"-DQT_XML_LIB",
					"-DQT_GUI_LIB",
					"-DQT_CORE_LIB",
					"-DQT_SHARED",
				);
				OTHER_CPLUSPLUSFLAGS = (
					"-pipe",
					"-g",
					"-Wall",
					"-W",
					"-DQT_XML_LIB",
					"-DQT_GUI_LIB",
					"-DQT_CORE_LIB",
					"-DQT_SHARED",
				);
				OTHER_LDFLAGS = (
					"-headerpad_max_install_names",
					"-L/Library/Frameworks",
					"-F/Library/Frameworks",
					"-lz",
					"-lm",
				);
				OTHER_REZFLAGS = "";
				PREBINDING = NO;
				PRODUCT_NAME = "eID-Quickinstaller";
				SDKROOT = macosx10.6;
				SECTORDER_FLAGS = "";
				VALID_ARCHS = i386;
				WARNING_CFLAGS = "";
				YACCFLAGS = "-d";
			};
			name = Release;
		};
		7BFD76EF0E76C68200BC4F02 /* Default */ = {
			isa = XCBuildConfiguration;
			buildSettings = {
				BUILD_ROOT = .;
				DYLIB_COMPATIBILITY_VERSION = 1.0;
				DYLIB_CURRENT_VERSION = 1.0.0;
				HEADER_SEARCH_PATHS = (
					/Library/Frameworks/QtCore.framework/Versions/4/Headers,
					/usr/include/QtCore,
					/Library/Frameworks/QtGui.framework/Versions/4/Headers,
					/usr/include/QtGui,
					/Library/Frameworks/QtXml.framework/Versions/4/Headers,
					/usr/include/QtXml,
					/usr/include,
					GeneratedFiles,
					GeneratedFiles/Debug,
					GeneratedFiles/debug,
					GeneratedFiles,
					/usr/local/include,
					/System/Library/Frameworks/CarbonCore.framework/Headers,
					"/usr/local/Qt4.4/mkspecs/macx-xcode",
				);
				INFOPLIST_FILE = MAC/Contents/Info.plist;
				LEXFLAGS = "";
				LIBRARY_SEARCH_PATHS = (
					/Library/Frameworks,
					/System/Library/Frameworks/,
					"$(LIBRARY_SEARCH_PATHS_QUOTED_FOR_TARGET_1)",
					"$(LIBRARY_SEARCH_PATHS_QUOTED_FOR_TARGET_2)",
					"$(LIBRARY_SEARCH_PATHS_QUOTED_FOR_TARGET_3)",
					"$(LIBRARY_SEARCH_PATHS_QUOTED_FOR_TARGET_4)",
				);
				LIBRARY_SEARCH_PATHS_QUOTED_FOR_TARGET_1 = "\"$(LOCAL_LIBRARY_DIR)/Frameworks/QtGui.framework/Versions/4\"";
				LIBRARY_SEARCH_PATHS_QUOTED_FOR_TARGET_2 = "\"$(LOCAL_LIBRARY_DIR)/Frameworks/QtCore.framework/Versions/4\"";
				LIBRARY_SEARCH_PATHS_QUOTED_FOR_TARGET_3 = "\"$(LOCAL_LIBRARY_DIR)/Frameworks/QtXml.framework/Versions/4\"";
				LIBRARY_SEARCH_PATHS_QUOTED_FOR_TARGET_4 = "\"$(DEVELOPER_DIR)/Applications/Qt/plugins/imageformats\"";
				MACOSX_DEPLOYMENT_TARGET = 10.3;
				OBJROOT = obj/debug/;
				OTHER_CFLAGS = (
					"-pipe",
					"-g",
					"-Wall",
					"-W",
					"-DQT_XML_LIB",
					"-DQT_GUI_LIB",
					"-DQT_CORE_LIB",
					"-DQT_SHARED",
				);
				OTHER_CPLUSPLUSFLAGS = (
					"-pipe",
					"-g",
					"-Wall",
					"-W",
					"-DQT_XML_LIB",
					"-DQT_GUI_LIB",
					"-DQT_CORE_LIB",
					"-DQT_SHARED",
				);
				OTHER_LDFLAGS = (
					"-headerpad_max_install_names",
					"-L/Library/Frameworks",
					"-F/Library/Frameworks",
					"-lz",
					"-lm",
				);
				OTHER_REZFLAGS = "";
				PREBINDING = NO;
				PRODUCT_NAME = "eID-EZinstaller";
				SDKROOT = macosx10.5;
				SECTORDER_FLAGS = "";
				WARNING_CFLAGS = "";
				YACCFLAGS = "-d";
			};
			name = Default;
		};
		8DB1DD96F65B1BF1FFC506E0 /* Debug */ = {
			isa = XCBuildConfiguration;
			buildSettings = {
				ARCHS = i386;
				COPY_PHASE_STRIP = NO;
				GCC_GENERATE_DEBUGGING_SYMBOLS = YES;
				GCC_OPTIMIZATION_LEVEL = 0;
				SDKROOT = macosx10.5;
				VALID_ARCHS = "i386 x86_64";
			};
			name = Debug;
		};
		95E1EB2E5DDD587BE5B3E548 /* Release */ = {
			isa = XCBuildConfiguration;
			buildSettings = {
				ARCHS = "$(ARCHS_STANDARD_32_BIT)";
				COPY_PHASE_STRIP = YES;
				GCC_GENERATE_DEBUGGING_SYMBOLS = NO;
				GCC_VERSION = 4.0;
				ONLY_ACTIVE_ARCH = YES;
				SDKROOT = macosx10.5;
				VALID_ARCHS = i386;
			};
			name = Release;
		};
/* End XCBuildConfiguration section */

/* Begin XCConfigurationList section */
		2A951308CDB28F104D0A4BD2 /* Build configuration list for PBXProject "eID-EZinstaller" */ = {
			isa = XCConfigurationList;
			buildConfigurations = (
				8DB1DD96F65B1BF1FFC506E0 /* Debug */,
				95E1EB2E5DDD587BE5B3E548 /* Release */,
			);
			defaultConfigurationIsVisible = 0;
			defaultConfigurationName = Release;
		};
		7BFD76F60E76C6A600BC4F02 /* Build configuration list for PBXNativeTarget "eID-Quickinstaller" */ = {
			isa = XCConfigurationList;
			buildConfigurations = (
				7BFD76ED0E76C68200BC4F02 /* Debug */,
				7BFD76EE0E76C68200BC4F02 /* Release */,
				7BFD76EF0E76C68200BC4F02 /* Default */,
			);
			defaultConfigurationIsVisible = 0;
			defaultConfigurationName = Default;
		};
/* End XCConfigurationList section */
	};
	rootObject = 91B15E841AA80083484172DE /* Project object */;
}
